# THIS IS AN AUTOGENERATED FILE. DO NOT EDIT THIS FILE DIRECTLY.
# yarn lockfile v1


"@acala-network/type-definitions@3.0.2":
  version "3.0.2"
  resolved "https://registry.npmjs.org/@acala-network/type-definitions/-/type-definitions-3.0.2.tgz#97d35570944610fd3ef42f5c5126ca1a3b3ac9d5"
  integrity sha512-tEans3wKeG/ZdDDNIGrTFTi15kpGcHnE/AF3yJRDlGMp0RPdHCyGxeGcbbfk2elHsDZk4HC2dhYBvW7alGG6MA==
  dependencies:
    "@open-web3/orml-type-definitions" "^1.0.2-0"

"@babel/runtime@^7.16.3":
  version "7.16.3"
  resolved "https://registry.npmjs.org/@babel/runtime/-/runtime-7.16.3.tgz#b86f0db02a04187a3c17caa77de69840165d42d5"
  integrity sha512-WBwekcqacdY2e9AF/Q7WLFUWmdJGJTkbjqTjoMDgXkVZ3ZRUvOPsLb5KdwISoQVsbP+DQzVZW4Zhci0DvpbNTQ==
  dependencies:
    regenerator-runtime "^0.13.4"

"@noble/hashes@0.4.1":
  version "0.4.1"
  resolved "https://registry.npmjs.org/@noble/hashes/-/hashes-0.4.1.tgz#ef8ef347cfb3a03692f16ed31fda717f8e78d392"
  integrity sha512-Qxy9mZoDf5SyFrQ8hpWHeMZ2Scmb9BAz/lt23sKdr/QHnACW9dD6S+/WVJHd3R/BPoNHcUYWXoXXe74cxSEYoA==

"@noble/secp256k1@^1.3.0":
  version "1.3.0"
  resolved "https://registry.npmjs.org/@noble/secp256k1/-/secp256k1-1.3.0.tgz#426880cf0355b24d81c129af1ec31dfa6eee8b9c"
  integrity sha512-wuFthUc6Ul4xflhY5u1+p1bDILPzVEisekxt5M+iLg4R+gG6+k2jnRR19sC9fMtzlsN5sKloBwprziDS0XlmyQ==

"@open-web3/orml-type-definitions@^1.0.2-0":
  version "1.0.2-2"
  resolved "https://registry.npmjs.org/@open-web3/orml-type-definitions/-/orml-type-definitions-1.0.2-2.tgz#f65dfc2a010f7e6b0fd90c8022df94502d394727"
  integrity sha512-XuCTFy4KZb3fTwLxRKU26W/KNqRmPupPV0QmPxK4IbraUDsg4KZ2FzuKFyLdctQcZHmJQu/eBuEamw6tfJykEQ==
  dependencies:
    lodash.merge "^4.6.2"

"@pinata/sdk@^1.1.23":
  version "1.1.23"
  resolved "https://registry.nlark.com/@pinata/sdk/download/@pinata/sdk-1.1.23.tgz#91d7e289a29f514ee35d8d2ad62f8ef891b57ea0"
  integrity sha1-kdfiiaKfUU7jXY0q1i+O+JG1fqA=
  dependencies:
    axios "^0.21.1"
    base-path-converter "^1.0.2"
    form-data "^2.3.3"
    is-ipfs "^0.6.0"
    recursive-fs "^1.1.2"

"@polkadot/api-derive@6.11.1":
  version "6.11.1"
  resolved "https://registry.npmjs.org/@polkadot/api-derive/-/api-derive-6.11.1.tgz#9e16e073c66e62af7e407ec428e5ffee795a5bb8"
  integrity sha512-v5tLUPVk5WjHVZTmEBtuuSlR0bl3Vd1cab57gEVaHMn7N2ZUoPhUrj5KqZhzx4lKVihKve5X/1Zlmk9ssrH+UQ==
  dependencies:
    "@babel/runtime" "^7.16.3"
    "@polkadot/api" "6.11.1"
    "@polkadot/rpc-core" "6.11.1"
    "@polkadot/types" "6.11.1"
    "@polkadot/util" "^8.1.2"
    "@polkadot/util-crypto" "^8.1.2"
    rxjs "^7.4.0"

"@polkadot/api@6.11.1":
  version "6.11.1"
  resolved "https://registry.npmjs.org/@polkadot/api/-/api-6.11.1.tgz#05c1c19bd71b5041ca656d7749eac2a91fcc7155"
  integrity sha512-MhaPJNe4Tu39j/kzjknfjGOloN2681qjQxVxDpFp6pOx1bfOjtwwiJYpOF9cZlMKkssvPGSN+LGqVHUXRlBuOw==
  dependencies:
    "@babel/runtime" "^7.16.3"
    "@polkadot/api-derive" "6.11.1"
    "@polkadot/keyring" "^8.1.2"
    "@polkadot/rpc-core" "6.11.1"
    "@polkadot/rpc-provider" "6.11.1"
    "@polkadot/types" "6.11.1"
    "@polkadot/types-known" "6.11.1"
    "@polkadot/util" "^8.1.2"
    "@polkadot/util-crypto" "^8.1.2"
    eventemitter3 "^4.0.7"
    rxjs "^7.4.0"

"@polkadot/keyring@^8.1.2":
  version "8.1.2"
  resolved "https://registry.npmjs.org/@polkadot/keyring/-/keyring-8.1.2.tgz#c0b8e838b2e547e41a6a34051a17bed9472ae90c"
  integrity sha512-WsVx9TCJ9H6dmADTyMibwrlSPZrmPlsvFoqrbMTMD04Q7CYZXP46ht3YrF6t81YPQWDoszeDomNuSF2iPXSCTQ==
  dependencies:
    "@babel/runtime" "^7.16.3"
    "@polkadot/util" "8.1.2"
    "@polkadot/util-crypto" "8.1.2"

"@polkadot/networks@8.1.2", "@polkadot/networks@^8.1.2":
  version "8.1.2"
  resolved "https://registry.npmjs.org/@polkadot/networks/-/networks-8.1.2.tgz#5c1b7d620413202f758ecc944c6893691ee68dc4"
  integrity sha512-OPjEjEdlErZW0dv1WNIEAaOja8g2ynscwM4pQbVWzbpACuM1xziPgfDF74M0R8fMOxr5EJOVbKsvOSBytw+TDg==
  dependencies:
    "@babel/runtime" "^7.16.3"

"@polkadot/rpc-core@6.11.1":
  version "6.11.1"
  resolved "https://registry.npmjs.org/@polkadot/rpc-core/-/rpc-core-6.11.1.tgz#6bf9dec62e21947be9b09e5fc37204aea1f9fa46"
  integrity sha512-WCn284LeNW35HWpXV5BpFohdGBOu5gLxVfDCLnFPg/drxuRFwTuMCKC2IDB7Aoo4EThfAzC61tNO5Qr29goUrg==
  dependencies:
    "@babel/runtime" "^7.16.3"
    "@polkadot/rpc-provider" "6.11.1"
    "@polkadot/types" "6.11.1"
    "@polkadot/util" "^8.1.2"
    rxjs "^7.4.0"

"@polkadot/rpc-provider@6.11.1":
  version "6.11.1"
  resolved "https://registry.npmjs.org/@polkadot/rpc-provider/-/rpc-provider-6.11.1.tgz#faf91b69170a5530ab79f4793d6c32c901f365fb"
  integrity sha512-KMxPlx2Grtg+64ACLuroJC4VJQnTqnH6nw9rP0wMf5+K0jILdQ3h2GHJvBDDlEUg3rNNNOSjol6qTdHJVXh8OA==
  dependencies:
    "@babel/runtime" "^7.16.3"
    "@polkadot/types" "6.11.1"
    "@polkadot/util" "^8.1.2"
    "@polkadot/util-crypto" "^8.1.2"
    "@polkadot/x-fetch" "^8.1.2"
    "@polkadot/x-global" "^8.1.2"
    "@polkadot/x-ws" "^8.1.2"
    eventemitter3 "^4.0.7"

"@polkadot/types-known@6.11.1":
  version "6.11.1"
  resolved "https://registry.npmjs.org/@polkadot/types-known/-/types-known-6.11.1.tgz#f25c01d33b91f1b7432bee1311a732147069b7e7"
  integrity sha512-Vl4WJu56dNvMoXwJ+v9xO0rlWLocb/1KMNczG8UklxrAMfkkgCDIxGjkx/TpgCEfBLxBYavu9MQqQZhJulSP8g==
  dependencies:
    "@babel/runtime" "^7.16.3"
    "@polkadot/networks" "^8.1.2"
    "@polkadot/types" "6.11.1"
    "@polkadot/util" "^8.1.2"

"@polkadot/types@6.11.1":
  version "6.11.1"
  resolved "https://registry.npmjs.org/@polkadot/types/-/types-6.11.1.tgz#23927c8a26cba42d29da83e8e918c4e441157e87"
  integrity sha512-utdAL7XrZmKWTk7iT/cUdr1FD4oaDT9OhZ1yRxilEiMk58QZg4Ntm8POH1Sq/l8/JvLcheE0qy1uZhxK3FS0Rw==
  dependencies:
    "@babel/runtime" "^7.16.3"
    "@polkadot/types-known" "6.11.1"
    "@polkadot/util" "^8.1.2"
    "@polkadot/util-crypto" "^8.1.2"
    rxjs "^7.4.0"

"@polkadot/util-crypto@8.1.2", "@polkadot/util-crypto@^8.1.2":
  version "8.1.2"
  resolved "https://registry.npmjs.org/@polkadot/util-crypto/-/util-crypto-8.1.2.tgz#35ca296bf7b7cc76b8ed085a40585b196d6b9de5"
  integrity sha512-sqyz4zLyBleBmoaNkGaAQsNXVktqmHJ3XiuYgt9KJ7hIZjP7wjJMLZWzyOKVaL1w5/hUNTRzVuTGiA8GD62ByA==
  dependencies:
    "@babel/runtime" "^7.16.3"
    "@noble/hashes" "0.4.1"
    "@noble/secp256k1" "^1.3.0"
    "@polkadot/networks" "8.1.2"
    "@polkadot/util" "8.1.2"
    "@polkadot/wasm-crypto" "^4.5.1"
    "@polkadot/x-bigint" "8.1.2"
    "@polkadot/x-noble-hashes" "8.1.2"
    "@polkadot/x-noble-secp256k1" "8.1.2"
    "@polkadot/x-randomvalues" "8.1.2"
    ed2curve "^0.3.0"
    micro-base "^0.9.0"
    tweetnacl "^1.0.3"

"@polkadot/util@8.1.2", "@polkadot/util@^8.1.2":
  version "8.1.2"
  resolved "https://registry.npmjs.org/@polkadot/util/-/util-8.1.2.tgz#f3178a077758eca21e57f031ae0421b7634b1107"
  integrity sha512-s1Q6J7I2sxDdk8S9SA1wVSMRUN+6YGpAUehl1zE/VKtHUzxtZfX/M7dmZgNpARi8kmk7/0J61ZuIaFb0Cq81jw==
  dependencies:
    "@babel/runtime" "^7.16.3"
    "@polkadot/x-bigint" "8.1.2"
    "@polkadot/x-global" "8.1.2"
    "@polkadot/x-textdecoder" "8.1.2"
    "@polkadot/x-textencoder" "8.1.2"
    "@types/bn.js" "^4.11.6"
    bn.js "^4.12.0"
    ip-regex "^4.3.0"

"@polkadot/wasm-crypto-asmjs@^4.5.1":
  version "4.5.1"
  resolved "https://registry.npmjs.org/@polkadot/wasm-crypto-asmjs/-/wasm-crypto-asmjs-4.5.1.tgz#e1025a49e106db11d1187caf65f56c960ea2ad2b"
  integrity sha512-DOdRiWhxVvmqTvp+E9z1j+Yr0zDOGsDvqnT/eNw0Dl1FVUOImsEa7FKns/urASmcxCVEE1jtUWSnij29jrORMQ==
  dependencies:
    "@babel/runtime" "^7.16.3"

"@polkadot/wasm-crypto-wasm@^4.5.1":
  version "4.5.1"
  resolved "https://registry.npmjs.org/@polkadot/wasm-crypto-wasm/-/wasm-crypto-wasm-4.5.1.tgz#063a58ff7ddd939b7886a6a238109a8d2c416e46"
  integrity sha512-hPwke85HxpgG/RAlwdCE8u5w7bThvWg399mlB+XjogXMxOUWBZSgq2XYbgzROUXx27inK9nStF4Pnc4zJnqs9A==
  dependencies:
    "@babel/runtime" "^7.16.3"

"@polkadot/wasm-crypto@^4.5.1":
  version "4.5.1"
  resolved "https://registry.npmjs.org/@polkadot/wasm-crypto/-/wasm-crypto-4.5.1.tgz#e1ac6d846a0ad8e991cec128994524183ef6e8fd"
  integrity sha512-Cr21ais3Kq3aedIHZ3J1tjgeD/+K8FCiwEawr0oRywNBSJR8wyuZMePs4swR/6xm8wbBkpqoBVHz/UQHqqQJmA==
  dependencies:
    "@babel/runtime" "^7.16.3"
    "@polkadot/wasm-crypto-asmjs" "^4.5.1"
    "@polkadot/wasm-crypto-wasm" "^4.5.1"

"@polkadot/x-bigint@8.1.2":
  version "8.1.2"
  resolved "https://registry.npmjs.org/@polkadot/x-bigint/-/x-bigint-8.1.2.tgz#0451009736e069b45ef01a9259d56d4ddb11ad21"
  integrity sha512-MI9D/gXQQLqrdp66InZtkGDa+FYsrc+Dq0DzsRkGRE0hjX75C7OretNLm7zMG7IQYjiuBQkH8tnTE7I8k/KwDw==
  dependencies:
    "@babel/runtime" "^7.16.3"
    "@polkadot/x-global" "8.1.2"

"@polkadot/x-fetch@^8.1.2":
  version "8.1.2"
  resolved "https://registry.npmjs.org/@polkadot/x-fetch/-/x-fetch-8.1.2.tgz#57fe7b91ca7183af52d83529a2941da63889f95e"
  integrity sha512-W92VrsApH1I/ams1gJMNJwaTp+WUzF/WPMZ84VSOw/pR+2P002zoMhAqmr8H4kpue2j/uowDpDUyjzp8taGrxg==
  dependencies:
    "@babel/runtime" "^7.16.3"
    "@polkadot/x-global" "8.1.2"
    "@types/node-fetch" "^2.5.12"
    node-fetch "^2.6.6"

"@polkadot/x-global@8.1.2", "@polkadot/x-global@^8.1.2":
  version "8.1.2"
  resolved "https://registry.npmjs.org/@polkadot/x-global/-/x-global-8.1.2.tgz#e5de3d7bff2f5b689eb0858057007b334ddc2668"
  integrity sha512-prHFu2okMOrOvF4JtCjuHZ742yqim2ip6SuZqSEHrkbQPewXYquC51nXkscJygheTpQgrNt3dBuk5Y8jFWjUHg==
  dependencies:
    "@babel/runtime" "^7.16.3"

"@polkadot/x-noble-hashes@8.1.2":
  version "8.1.2"
  resolved "https://registry.npmjs.org/@polkadot/x-noble-hashes/-/x-noble-hashes-8.1.2.tgz#d3f69c24dc6c6daa796421a99946be787b6dd38f"
  integrity sha512-Vj0d2ueyFgPnc4SrPP8oEQlp++DDHXMhNlSi7vupWBoehXoKnDpIb7UjZcL78lg+dF8U3/2iSb6DgfHS0lAK5w==
  dependencies:
    "@babel/runtime" "^7.16.3"

"@polkadot/x-noble-secp256k1@8.1.2":
  version "8.1.2"
  resolved "https://registry.npmjs.org/@polkadot/x-noble-secp256k1/-/x-noble-secp256k1-8.1.2.tgz#1e29fbb01f2f01df62fccdfb4156f0d046a37799"
  integrity sha512-6fSXJDmEHxWmNQ55tnZTx6xbH1sFgCjJLxyIwLcqJuH9rgaNALloWbGvcG8C3NVbqh3REQRSC20vfabqVjrCpQ==
  dependencies:
    "@babel/runtime" "^7.16.3"

"@polkadot/x-randomvalues@8.1.2":
  version "8.1.2"
  resolved "https://registry.npmjs.org/@polkadot/x-randomvalues/-/x-randomvalues-8.1.2.tgz#3e4573310c1ba4a7081d6fca2e9b2d5f976d7b94"
  integrity sha512-hYTGMLXIpAKRiEPcguv0e+ZXIfqUxl8TJQ8qItB/PxE58s1Xa9F+0lAuSCCAzfuJFBn6Qzr3nBkuGx+T/cTz9w==
  dependencies:
    "@babel/runtime" "^7.16.3"
    "@polkadot/x-global" "8.1.2"

"@polkadot/x-textdecoder@8.1.2":
  version "8.1.2"
  resolved "https://registry.npmjs.org/@polkadot/x-textdecoder/-/x-textdecoder-8.1.2.tgz#90b337fbd12c6d260e7b996d54cc08e2624fed88"
  integrity sha512-NuQepvIqEIeWPMdGry/ReJAEtXwWRt0qrX0xwYIoY7V1rR8vDVX66Q5YtG/i7/JLBydgabXA1GCj5k4sRpwakA==
  dependencies:
    "@babel/runtime" "^7.16.3"
    "@polkadot/x-global" "8.1.2"

"@polkadot/x-textencoder@8.1.2":
  version "8.1.2"
  resolved "https://registry.npmjs.org/@polkadot/x-textencoder/-/x-textencoder-8.1.2.tgz#dff8eab13b01508ba5797d6691c96e6a08b84a44"
  integrity sha512-8m+RvtxPEd4/vfHWuhTQyE/RbjN3NTbbrTQ0SMAPRM04NGauKXJOVA5A7WBJYJsj6bDlSaWSavOMJSzO5NKE8w==
  dependencies:
    "@babel/runtime" "^7.16.3"
    "@polkadot/x-global" "8.1.2"

"@polkadot/x-ws@^8.1.2":
  version "8.1.2"
  resolved "https://registry.npmjs.org/@polkadot/x-ws/-/x-ws-8.1.2.tgz#8d8c62c15a0b09706f7b078c4443f48bcfc489d5"
  integrity sha512-9ELWRNbQL5WARAv9/m0mpdPc9ucN/xwgpPrQ4WSK+HMHswwrpmmq8mPlfIhGtw0ys5DQPgXXIYLGP50m0MNshA==
  dependencies:
    "@babel/runtime" "^7.16.3"
    "@polkadot/x-global" "8.1.2"
    "@types/websocket" "^1.0.4"
    websocket "^1.0.34"

"@types/bn.js@^4.11.6":
  version "4.11.6"
  resolved "https://registry.nlark.com/@types/bn.js/download/@types/bn.js-4.11.6.tgz#c306c70d9358aaea33cd4eda092a742b9505967c"
  integrity sha1-wwbHDZNYquozzU7aCSp0K5UFlnw=
  dependencies:
    "@types/node" "*"

"@types/node-fetch@^2.5.12":
  version "2.5.12"
  resolved "https://registry.nlark.com/@types/node-fetch/download/@types/node-fetch-2.5.12.tgz?cache=0&sync_timestamp=1626990626436&other_urls=https%3A%2F%2Fregistry.nlark.com%2F%40types%2Fnode-fetch%2Fdownload%2F%40types%2Fnode-fetch-2.5.12.tgz#8a6f779b1d4e60b7a57fb6fd48d84fb545b9cc66"
  integrity sha1-im93mx1OYLelf7b9SNhPtUW5zGY=
  dependencies:
    "@types/node" "*"
    form-data "^3.0.0"

"@types/node@*":
  version "15.12.2"
  resolved "https://registry.nlark.com/@types/node/download/@types/node-15.12.2.tgz#1f2b42c4be7156ff4a6f914b2fb03d05fa84e38d"
  integrity sha1-HytCxL5xVv9Kb5FLL7A9BfqE440=

"@types/websocket@^1.0.4":
  version "1.0.4"
  resolved "https://registry.nlark.com/@types/websocket/download/@types/websocket-1.0.4.tgz#1dc497280d8049a5450854dd698ee7e6ea9e60b8"
  integrity sha1-HcSXKA2ASaVFCFTdaY7n5uqeYLg=
  dependencies:
    "@types/node" "*"

asynckit@^0.4.0:
  version "0.4.0"
  resolved "https://registry.npm.taobao.org/asynckit/download/asynckit-0.4.0.tgz#c79ed97f7f34cb8f2ba1bc9790bcc366474b4b79"
  integrity sha1-x57Zf380y48robyXkLzDZkdLS3k=

axios@^0.21.1:
  version "0.21.1"
  resolved "https://registry.npm.taobao.org/axios/download/axios-0.21.1.tgz?cache=0&sync_timestamp=1608609324963&other_urls=https%3A%2F%2Fregistry.npm.taobao.org%2Faxios%2Fdownload%2Faxios-0.21.1.tgz#22563481962f4d6bde9a76d516ef0e5d3c09b2b8"
  integrity sha1-IlY0gZYvTWvemnbVFu8OXTwJsrg=
  dependencies:
    follow-redirects "^1.10.0"

base-path-converter@^1.0.2:
  version "1.0.2"
  resolved "https://registry.nlark.com/base-path-converter/download/base-path-converter-1.0.2.tgz#e80b4b4f31c7b1561e632158e00774b6f2f27978"
  integrity sha1-6AtLTzHHsVYeYyFY4Ad0tvLyeXg=

base-x@^3.0.2, base-x@^3.0.8:
  version "3.0.8"
  resolved "https://registry.npm.taobao.org/base-x/download/base-x-3.0.8.tgz#1e1106c2537f0162e8b52474a557ebb09000018d"
  integrity sha1-HhEGwlN/AWLotSR0pVfrsJAAAY0=
  dependencies:
    safe-buffer "^5.0.1"

base64-js@^1.3.1:
  version "1.5.1"
  resolved "https://registry.nlark.com/base64-js/download/base64-js-1.5.1.tgz#1b1b440160a5bf7ad40b650f095963481903930a"
  integrity sha1-GxtEAWClv3rUC2UPCVljSBkDkwo=

bn.js@^4.12.0:
  version "4.12.0"
  resolved "https://registry.npm.taobao.org/bn.js/download/bn.js-4.12.0.tgz#775b3f278efbb9718eec7361f483fb36fbbfea88"
  integrity sha1-d1s/J477uXGO7HNh9IP7Nvu/6og=

bs58@^4.0.1:
  version "4.0.1"
  resolved "https://registry.nlark.com/bs58/download/bs58-4.0.1.tgz#be161e76c354f6f788ae4071f63f34e8c4f0a42a"
  integrity sha1-vhYedsNU9veIrkBx9j806MTwpCo=
  dependencies:
    base-x "^3.0.2"

buffer@^5.5.0, buffer@^5.6.0:
  version "5.7.1"
  resolved "https://registry.nlark.com/buffer/download/buffer-5.7.1.tgz?cache=0&sync_timestamp=1618846959596&other_urls=https%3A%2F%2Fregistry.nlark.com%2Fbuffer%2Fdownload%2Fbuffer-5.7.1.tgz#ba62e7c13133053582197160851a8f648e99eed0"
  integrity sha1-umLnwTEzBTWCGXFghRqPZI6Z7tA=
  dependencies:
    base64-js "^1.3.1"
    ieee754 "^1.1.13"

bufferutil@^4.0.1:
  version "4.0.3"
  resolved "https://registry.npm.taobao.org/bufferutil/download/bufferutil-4.0.3.tgz?cache=0&sync_timestamp=1609618802475&other_urls=https%3A%2F%2Fregistry.npm.taobao.org%2Fbufferutil%2Fdownload%2Fbufferutil-4.0.3.tgz#66724b756bed23cd7c28c4d306d7994f9943cc6b"
  integrity sha1-ZnJLdWvtI818KMTTBteZT5lDzGs=
  dependencies:
    node-gyp-build "^4.2.0"

cids@~0.7.0:
  version "0.7.5"
  resolved "https://registry.nlark.com/cids/download/cids-0.7.5.tgz#60a08138a99bfb69b6be4ceb63bfef7a396b28b2"
  integrity sha1-YKCBOKmb+2m2vkzrY7/vejlrKLI=
  dependencies:
    buffer "^5.5.0"
    class-is "^1.1.0"
    multibase "~0.6.0"
    multicodec "^1.0.0"
    multihashes "~0.4.15"

cids@~0.8.0:
  version "0.8.3"
  resolved "https://registry.nlark.com/cids/download/cids-0.8.3.tgz#aaf48ac8ed857c3d37dad94d8db1d8c9407b92db"
  integrity sha1-qvSKyO2FfD032tlNjbHYyUB7kts=
  dependencies:
    buffer "^5.6.0"
    class-is "^1.1.0"
    multibase "^1.0.0"
    multicodec "^1.0.1"
    multihashes "^1.0.1"

class-is@^1.1.0:
  version "1.1.0"
  resolved "https://registry.npm.taobao.org/class-is/download/class-is-1.1.0.tgz#9d3c0fba0440d211d843cec3dedfa48055005825"
  integrity sha1-nTwPugRA0hHYQ87D3t+kgFUAWCU=

combined-stream@^1.0.6, combined-stream@^1.0.8:
  version "1.0.8"
  resolved "https://registry.nlark.com/combined-stream/download/combined-stream-1.0.8.tgz#c3d45a8b34fd730631a110a8a2520682b31d5a7f"
  integrity sha1-w9RaizT9cwYxoRCoolIGgrMdWn8=
  dependencies:
    delayed-stream "~1.0.0"

d@1, d@^1.0.1:
  version "1.0.1"
  resolved "https://registry.npm.taobao.org/d/download/d-1.0.1.tgz#8698095372d58dbee346ffd0c7093f99f8f9eb5a"
  integrity sha1-hpgJU3LVjb7jRv/Qxwk/mfj561o=
  dependencies:
    es5-ext "^0.10.50"
    type "^1.0.1"

debug@^2.2.0:
  version "2.6.9"
  resolved "https://registry.npm.taobao.org/debug/download/debug-2.6.9.tgz?cache=0&sync_timestamp=1614330710870&other_urls=https%3A%2F%2Fregistry.npm.taobao.org%2Fdebug%2Fdownload%2Fdebug-2.6.9.tgz#5d128515df134ff327e90a4c93f4e077a536341f"
  integrity sha1-XRKFFd8TT/Mn6QpMk/Tgd6U2NB8=
  dependencies:
    ms "2.0.0"

delayed-stream@~1.0.0:
  version "1.0.0"
  resolved "https://registry.nlark.com/delayed-stream/download/delayed-stream-1.0.0.tgz#df3ae199acadfb7d440aaae0b29e2272b24ec619"
  integrity sha1-3zrhmayt+31ECqrgsp4icrJOxhk=

dotenv@^10.0.0:
  version "10.0.0"
  resolved "https://registry.nlark.com/dotenv/download/dotenv-10.0.0.tgz#3d4227b8fb95f81096cdd2b66653fb2c7085ba81"
  integrity sha1-PUInuPuV+BCWzdK2ZlP7LHCFuoE=

ed2curve@^0.3.0:
  version "0.3.0"
  resolved "https://registry.npm.taobao.org/ed2curve/download/ed2curve-0.3.0.tgz#322b575152a45305429d546b071823a93129a05d"
  integrity sha1-MitXUVKkUwVCnVRrBxgjqTEpoF0=
  dependencies:
    tweetnacl "1.x.x"

es5-ext@^0.10.35, es5-ext@^0.10.50:
  version "0.10.53"
  resolved "https://registry.npm.taobao.org/es5-ext/download/es5-ext-0.10.53.tgz#93c5a3acfdbef275220ad72644ad02ee18368de1"
  integrity sha1-k8WjrP2+8nUiCtcmRK0C7hg2jeE=
  dependencies:
    es6-iterator "~2.0.3"
    es6-symbol "~3.1.3"
    next-tick "~1.0.0"

es6-iterator@~2.0.3:
  version "2.0.3"
  resolved "https://registry.nlark.com/es6-iterator/download/es6-iterator-2.0.3.tgz#a7de889141a05a94b0854403b2d0a0fbfa98f3b7"
  integrity sha1-p96IkUGgWpSwhUQDstCg+/qY87c=
  dependencies:
    d "1"
    es5-ext "^0.10.35"
    es6-symbol "^3.1.1"

es6-symbol@^3.1.1, es6-symbol@~3.1.3:
  version "3.1.3"
  resolved "https://registry.npm.taobao.org/es6-symbol/download/es6-symbol-3.1.3.tgz#bad5d3c1bcdac28269f4cb331e431c78ac705d18"
  integrity sha1-utXTwbzawoJp9MszHkMceKxwXRg=
  dependencies:
    d "^1.0.1"
    ext "^1.1.2"

eventemitter3@^4.0.7:
  version "4.0.7"
  resolved "https://registry.npm.taobao.org/eventemitter3/download/eventemitter3-4.0.7.tgz?cache=0&sync_timestamp=1598517819668&other_urls=https%3A%2F%2Fregistry.npm.taobao.org%2Feventemitter3%2Fdownload%2Feventemitter3-4.0.7.tgz#2de9b68f6528d5644ef5c59526a1b4a07306169f"
  integrity sha1-Lem2j2Uo1WRO9cWVJqG0oHMGFp8=

ext@^1.1.2:
  version "1.4.0"
  resolved "https://registry.npm.taobao.org/ext/download/ext-1.4.0.tgz#89ae7a07158f79d35517882904324077e4379244"
  integrity sha1-ia56BxWPedNVF4gpBDJAd+Q3kkQ=
  dependencies:
    type "^2.0.0"

follow-redirects@^1.10.0:
  version "1.14.1"
  resolved "https://registry.nlark.com/follow-redirects/download/follow-redirects-1.14.1.tgz#d9114ded0a1cfdd334e164e6662ad02bfd91ff43"
  integrity sha1-2RFN7Qoc/dM04WTmZirQK/2R/0M=

form-data@^2.3.3:
  version "2.5.1"
  resolved "https://registry.nlark.com/form-data/download/form-data-2.5.1.tgz#f2cbec57b5e59e23716e128fe44d4e5dd23895f4"
  integrity sha1-8svsV7XlniNxbhKP5E1OXdI4lfQ=
  dependencies:
    asynckit "^0.4.0"
    combined-stream "^1.0.6"
    mime-types "^2.1.12"

form-data@^3.0.0:
  version "3.0.1"
  resolved "https://registry.nlark.com/form-data/download/form-data-3.0.1.tgz#ebd53791b78356a99af9a300d4282c4d5eb9755f"
  integrity sha1-69U3kbeDVqma+aMA1CgsTV65dV8=
  dependencies:
    asynckit "^0.4.0"
    combined-stream "^1.0.8"
    mime-types "^2.1.12"

ieee754@^1.1.13:
  version "1.2.1"
  resolved "https://registry.nlark.com/ieee754/download/ieee754-1.2.1.tgz#8eb7a10a63fff25d15a57b001586d177d1b0d352"
  integrity sha1-jrehCmP/8l0VpXsAFYbRd9Gw01I=

ip-regex@^4.0.0, ip-regex@^4.3.0:
  version "4.3.0"
  resolved "https://registry.nlark.com/ip-regex/download/ip-regex-4.3.0.tgz?cache=0&sync_timestamp=1618846943469&other_urls=https%3A%2F%2Fregistry.nlark.com%2Fip-regex%2Fdownload%2Fip-regex-4.3.0.tgz#687275ab0f57fa76978ff8f4dddc8a23d5990db5"
  integrity sha1-aHJ1qw9X+naXj/j03dyKI9WZDbU=

is-ip@^3.1.0:
  version "3.1.0"
  resolved "https://registry.npm.taobao.org/is-ip/download/is-ip-3.1.0.tgz#2ae5ddfafaf05cb8008a62093cf29734f657c5d8"
  integrity sha1-KuXd+vrwXLgAimIJPPKXNPZXxdg=
  dependencies:
    ip-regex "^4.0.0"

is-ipfs@^0.6.0:
  version "0.6.3"
  resolved "https://registry.nlark.com/is-ipfs/download/is-ipfs-0.6.3.tgz#82a5350e0a42d01441c40b369f8791e91404c497"
  integrity sha1-gqU1DgpC0BRBxAs2n4eR6RQExJc=
  dependencies:
    bs58 "^4.0.1"
    cids "~0.7.0"
    mafmt "^7.0.0"
    multiaddr "^7.2.1"
    multibase "~0.6.0"
    multihashes "~0.4.13"

is-typedarray@^1.0.0:
  version "1.0.0"
  resolved "https://registry.npm.taobao.org/is-typedarray/download/is-typedarray-1.0.0.tgz#e479c80858df0c1b11ddda6940f96011fcda4a9a"
  integrity sha1-5HnICFjfDBsR3dppQPlgEfzaSpo=

lodash.merge@^4.6.2:
  version "4.6.2"
  resolved "https://registry.npm.taobao.org/lodash.merge/download/lodash.merge-4.6.2.tgz#558aa53b43b661e1925a0afdfa36a9a1085fe57a"
  integrity sha1-VYqlO0O2YeGSWgr9+japoQhf5Xo=

mafmt@^7.0.0:
  version "7.1.0"
  resolved "https://registry.npm.taobao.org/mafmt/download/mafmt-7.1.0.tgz#4126f6d0eded070ace7dbbb6fb04977412d380b5"
  integrity sha1-QSb20O3tBwrOfbu2+wSXdBLTgLU=
  dependencies:
    multiaddr "^7.3.0"

micro-base@^0.9.0:
  version "0.9.0"
  resolved "https://registry.npmjs.org/micro-base/-/micro-base-0.9.0.tgz#09cfe20285bec0ea97f41dc3d10e3fba3d0266ee"
  integrity sha512-4+tOMKidYT5nQ6/UNmYrGVO5PMcnJdfuR4NC8HK8s2H61B4itOhA9yrsjBdqGV7ecdtej36x3YSIfPLRmPrspg==

mime-db@1.48.0:
  version "1.48.0"
  resolved "https://registry.nlark.com/mime-db/download/mime-db-1.48.0.tgz?cache=0&sync_timestamp=1622433556078&other_urls=https%3A%2F%2Fregistry.nlark.com%2Fmime-db%2Fdownload%2Fmime-db-1.48.0.tgz#e35b31045dd7eada3aaad537ed88a33afbef2d1d"
  integrity sha1-41sxBF3X6to6qtU37YijOvvvLR0=

mime-types@^2.1.12:
  version "2.1.31"
  resolved "https://registry.nlark.com/mime-types/download/mime-types-2.1.31.tgz?cache=0&sync_timestamp=1622569304088&other_urls=https%3A%2F%2Fregistry.nlark.com%2Fmime-types%2Fdownload%2Fmime-types-2.1.31.tgz#a00d76b74317c61f9c2db2218b8e9f8e9c5c9e6b"
  integrity sha1-oA12t0MXxh+cLbIhi46fjpxcnms=
  dependencies:
    mime-db "1.48.0"

ms@2.0.0:
  version "2.0.0"
  resolved "https://registry.npm.taobao.org/ms/download/ms-2.0.0.tgz?cache=0&sync_timestamp=1607433899126&other_urls=https%3A%2F%2Fregistry.npm.taobao.org%2Fms%2Fdownload%2Fms-2.0.0.tgz#5608aeadfc00be6c2901df5f9861788de0d597c8"
  integrity sha1-VgiurfwAvmwpAd9fmGF4jeDVl8g=

multiaddr@^7.2.1, multiaddr@^7.3.0:
  version "7.5.0"
  resolved "https://registry.npm.taobao.org/multiaddr/download/multiaddr-7.5.0.tgz#976c88e256e512263445ab03b3b68c003d5f485e"
  integrity sha1-l2yI4lblEiY0RasDs7aMAD1fSF4=
  dependencies:
    buffer "^5.5.0"
    cids "~0.8.0"
    class-is "^1.1.0"
    is-ip "^3.1.0"
    multibase "^0.7.0"
    varint "^5.0.0"

multibase@^0.7.0:
  version "0.7.0"
  resolved "https://registry.npm.taobao.org/multibase/download/multibase-0.7.0.tgz#1adfc1c50abe05eefeb5091ac0c2728d6b84581b"
  integrity sha1-Gt/BxQq+Be7+tQkawMJyjWuEWBs=
  dependencies:
    base-x "^3.0.8"
    buffer "^5.5.0"

multibase@^1.0.0, multibase@^1.0.1:
  version "1.0.1"
  resolved "https://registry.npm.taobao.org/multibase/download/multibase-1.0.1.tgz#4adbe1de0be8a1ab0274328b653c3f1903476724"
  integrity sha1-Stvh3gvooasCdDKLZTw/GQNHZyQ=
  dependencies:
    base-x "^3.0.8"
    buffer "^5.5.0"

multibase@~0.6.0:
  version "0.6.1"
  resolved "https://registry.npm.taobao.org/multibase/download/multibase-0.6.1.tgz#b76df6298536cc17b9f6a6db53ec88f85f8cc12b"
  integrity sha1-t232KYU2zBe59qbbU+yI+F+MwSs=
  dependencies:
    base-x "^3.0.8"
    buffer "^5.5.0"

multicodec@^1.0.0, multicodec@^1.0.1:
  version "1.0.4"
  resolved "https://registry.npm.taobao.org/multicodec/download/multicodec-1.0.4.tgz#46ac064657c40380c28367c90304d8ed175a714f"
  integrity sha1-RqwGRlfEA4DCg2fJAwTY7RdacU8=
  dependencies:
    buffer "^5.6.0"
    varint "^5.0.0"

multihashes@^1.0.1:
  version "1.0.1"
  resolved "https://registry.npm.taobao.org/multihashes/download/multihashes-1.0.1.tgz#a89415d68283cf6287c6e219e304e75ce7fb73fe"
  integrity sha1-qJQV1oKDz2KHxuIZ4wTnXOf7c/4=
  dependencies:
    buffer "^5.6.0"
    multibase "^1.0.1"
    varint "^5.0.0"

multihashes@~0.4.13, multihashes@~0.4.15:
  version "0.4.21"
  resolved "https://registry.npm.taobao.org/multihashes/download/multihashes-0.4.21.tgz#dc02d525579f334a7909ade8a122dabb58ccfcb5"
  integrity sha1-3ALVJVefM0p5Ca3ooSLau1jM/LU=
  dependencies:
    buffer "^5.5.0"
    multibase "^0.7.0"
    varint "^5.0.0"

next-tick@~1.0.0:
  version "1.0.0"
  resolved "https://registry.npm.taobao.org/next-tick/download/next-tick-1.0.0.tgz#ca86d1fe8828169b0120208e3dc8424b9db8342c"
  integrity sha1-yobR/ogoFpsBICCOPchCS524NCw=

node-fetch@^2.6.6:
  version "2.6.6"
  resolved "https://registry.npmjs.org/node-fetch/-/node-fetch-2.6.6.tgz#1751a7c01834e8e1697758732e9efb6eeadfaf89"
  integrity sha512-Z8/6vRlTUChSdIgMa51jxQ4lrw/Jy5SOW10ObaA47/RElsAN2c5Pn8bTgFGWn/ibwzXTE8qwr1Yzx28vsecXEA==
  dependencies:
    whatwg-url "^5.0.0"

node-gyp-build@^4.2.0:
  version "4.2.3"
  resolved "https://registry.npm.taobao.org/node-gyp-build/download/node-gyp-build-4.2.3.tgz#ce6277f853835f718829efb47db20f3e4d9c4739"
  integrity sha1-zmJ3+FODX3GIKe+0fbIPPk2cRzk=

recursive-fs@^1.1.2:
  version "1.1.2"
  resolved "https://registry.npm.taobao.org/recursive-fs/download/recursive-fs-1.1.2.tgz#1d752e2f1a65d25fb6964109a9dbf83a335f90f0"
  integrity sha1-HXUuLxpl0l+2lkEJqdv4OjNfkPA=

regenerator-runtime@^0.13.4:
  version "0.13.7"
  resolved "https://registry.nlark.com/regenerator-runtime/download/regenerator-runtime-0.13.7.tgz#cac2dacc8a1ea675feaabaeb8ae833898ae46f55"
  integrity sha1-ysLazIoepnX+qrrriugziYrkb1U=

rxjs@^7.4.0:
  version "7.4.0"
  resolved "https://registry.npmjs.org/rxjs/-/rxjs-7.4.0.tgz#a12a44d7eebf016f5ff2441b87f28c9a51cebc68"
  integrity sha512-7SQDi7xeTMCJpqViXh8gL/lebcwlp3d831F05+9B44A4B0WfsEwUQHR64gsH1kvJ+Ep/J9K2+n1hVl1CsGN23w==
  dependencies:
    tslib "~2.1.0"

safe-buffer@^5.0.1:
  version "5.2.1"
  resolved "https://registry.nlark.com/safe-buffer/download/safe-buffer-5.2.1.tgz#1eaf9fa9bdb1fdd4ec75f58f9cdb4e6b7827eec6"
  integrity sha1-Hq+fqb2x/dTsdfWPnNtOa3gn7sY=

tr46@~0.0.3:
  version "0.0.3"
  resolved "https://registry.npmjs.org/tr46/-/tr46-0.0.3.tgz#8184fd347dac9cdc185992f3a6622e14b9d9ab6a"
  integrity sha1-gYT9NH2snNwYWZLzpmIuFLnZq2o=

tslib@~2.1.0:
  version "2.1.0"
  resolved "https://registry.nlark.com/tslib/download/tslib-2.1.0.tgz?cache=0&other_urls=https%3A%2F%2Fregistry.nlark.com%2Ftslib%2Fdownload%2Ftslib-2.1.0.tgz#da60860f1c2ecaa5703ab7d39bc05b6bf988b97a"
  integrity sha1-2mCGDxwuyqVwOrfTm8Bba/mIuXo=

tweetnacl@1.x.x, tweetnacl@^1.0.3:
  version "1.0.3"
  resolved "https://registry.npm.taobao.org/tweetnacl/download/tweetnacl-1.0.3.tgz#ac0af71680458d8a6378d0d0d050ab1407d35596"
  integrity sha1-rAr3FoBFjYpjeNDQ0FCrFAfTVZY=

type@^1.0.1:
  version "1.2.0"
  resolved "https://registry.npm.taobao.org/type/download/type-1.2.0.tgz#848dd7698dafa3e54a6c479e759c4bc3f18847a0"
  integrity sha1-hI3XaY2vo+VKbEeedZxLw/GIR6A=

type@^2.0.0:
  version "2.5.0"
  resolved "https://registry.npm.taobao.org/type/download/type-2.5.0.tgz#0a2e78c2e77907b252abe5f298c1b01c63f0db3d"
  integrity sha1-Ci54wud5B7JSq+XymMGwHGPw2z0=

typedarray-to-buffer@^3.1.5:
  version "3.1.5"
  resolved "https://registry.npm.taobao.org/typedarray-to-buffer/download/typedarray-to-buffer-3.1.5.tgz#a97ee7a9ff42691b9f783ff1bc5112fe3fca9080"
  integrity sha1-qX7nqf9CaRufeD/xvFES/j/KkIA=
  dependencies:
    is-typedarray "^1.0.0"

utf-8-validate@^5.0.2:
  version "5.0.5"
  resolved "https://registry.nlark.com/utf-8-validate/download/utf-8-validate-5.0.5.tgz?cache=0&sync_timestamp=1620067993025&other_urls=https%3A%2F%2Fregistry.nlark.com%2Futf-8-validate%2Fdownload%2Futf-8-validate-5.0.5.tgz#dd32c2e82c72002dc9f02eb67ba6761f43456ca1"
  integrity sha1-3TLC6CxyAC3J8C62e6Z2H0NFbKE=
  dependencies:
    node-gyp-build "^4.2.0"

varint@^5.0.0:
  version "5.0.2"
  resolved "https://registry.npm.taobao.org/varint/download/varint-5.0.2.tgz#5b47f8a947eb668b848e034dcfa87d0ff8a7f7a4"
  integrity sha1-W0f4qUfrZouEjgNNz6h9D/in96Q=

webidl-conversions@^3.0.0:
  version "3.0.1"
  resolved "https://registry.npmjs.org/webidl-conversions/-/webidl-conversions-3.0.1.tgz#24534275e2a7bc6be7bc86611cc16ae0a5654871"
  integrity sha1-JFNCdeKnvGvnvIZhHMFq4KVlSHE=

websocket@^1.0.34:
  version "1.0.34"
  resolved "https://registry.npm.taobao.org/websocket/download/websocket-1.0.34.tgz#2bdc2602c08bf2c82253b730655c0ef7dcab3111"
  integrity sha1-K9wmAsCL8sgiU7cwZVwO99yrMRE=
  dependencies:
    bufferutil "^4.0.1"
    debug "^2.2.0"
    es5-ext "^0.10.50"
    typedarray-to-buffer "^3.1.5"
    utf-8-validate "^5.0.2"
    yaeti "^0.0.6"

whatwg-url@^5.0.0:
  version "5.0.0"
  resolved "https://registry.npmjs.org/whatwg-url/-/whatwg-url-5.0.0.tgz#966454e8765462e37644d3626f6742ce8b70965d"
  integrity sha1-lmRU6HZUYuN2RNNib2dCzotwll0=
  dependencies:
    tr46 "~0.0.3"
    webidl-conversions "^3.0.0"

yaeti@^0.0.6:
  version "0.0.6"
  resolved "https://registry.npm.taobao.org/yaeti/download/yaeti-0.0.6.tgz#f26f484d72684cf42bedfb76970aa1608fbf9577"
  integrity sha1-8m9ITXJoTPQr7ft2lwqhYI+/lXc=
