# THIS IS AN AUTOGENERATED FILE. DO NOT EDIT THIS FILE DIRECTLY.
# yarn lockfile v1


"@acala-network/type-definitions@^2.2.1":
  version "2.2.1"
  resolved "https://registry.npmjs.org/@acala-network/type-definitions/-/type-definitions-2.2.1.tgz#031faac650e5e62184a441c233ee16fc70d77e79"
  integrity sha512-MpXFgyfpzpdlZu5on/hBB7HpiQcwsOCe/oD51uYvS+FWlJ2L7HGGczDQcc9k123aIBvIlfxyj+PcaUbae1VfUg==
  dependencies:
    "@open-web3/orml-type-definitions" "^0.9.4-34"

"@babel/runtime@^7.15.3":
  version "7.15.3"
  resolved "https://registry.npmjs.org/@babel/runtime/-/runtime-7.15.3.tgz#2e1c2880ca118e5b2f9988322bd8a7656a32502b"
  integrity sha512-OvwMLqNXkCXSz1kSm58sEsNuhqOx/fKpnUnKnFB5v8uDda5bLNEHNgKPvhDN6IU0LDcnHQ90LlJ0Q6jnyBSIBA==
  dependencies:
    regenerator-runtime "^0.13.4"

"@babel/runtime@^7.16.0", "@babel/runtime@^7.16.3":
  version "7.16.3"
  resolved "https://registry.npmjs.org/@babel/runtime/-/runtime-7.16.3.tgz#b86f0db02a04187a3c17caa77de69840165d42d5"
  integrity sha512-WBwekcqacdY2e9AF/Q7WLFUWmdJGJTkbjqTjoMDgXkVZ3ZRUvOPsLb5KdwISoQVsbP+DQzVZW4Zhci0DvpbNTQ==
  dependencies:
    regenerator-runtime "^0.13.4"

"@open-web3/orml-type-definitions@^0.9.4-34":
  version "0.9.4-34"
  resolved "https://registry.npmjs.org/@open-web3/orml-type-definitions/-/orml-type-definitions-0.9.4-34.tgz#5aeeb7690db5aed1bb51e8e161bd61384c13c787"
  integrity sha512-KYxPH0gc86mHXlpAqQ8KOaD53SpI7HS3J25hf/4fm33rBS76u/gxooqAogB10cVxL7S6lNo8Jd4davvCSc56Lg==
  dependencies:
    lodash.merge "^4.6.2"

"@pinata/sdk@^1.1.23":
  version "1.1.23"
  resolved "https://registry.nlark.com/@pinata/sdk/download/@pinata/sdk-1.1.23.tgz#91d7e289a29f514ee35d8d2ad62f8ef891b57ea0"
  integrity sha1-kdfiiaKfUU7jXY0q1i+O+JG1fqA=
  dependencies:
    axios "^0.21.1"
    base-path-converter "^1.0.2"
    form-data "^2.3.3"
    is-ipfs "^0.6.0"
    recursive-fs "^1.1.2"

"@polkadot/api-derive@6.8.2-4":
  version "6.8.2-4"
  resolved "https://registry.npmjs.org/@polkadot/api-derive/-/api-derive-6.8.2-4.tgz#1749a7896b5f3ff3dddf80ccc7cf4a7e091e9e87"
  integrity sha512-8dLZt8qwpo7LFNR7ZZueKd5aky6ycQgYxbQ5D3gNDU9fV3o8aI63bgsfKlLCvkiYwewcVt+b/EJxYPUPRi6ziQ==
  dependencies:
    "@babel/runtime" "^7.16.3"
    "@polkadot/api" "6.8.2-4"
    "@polkadot/rpc-core" "6.8.2-4"
    "@polkadot/types" "6.8.2-4"
    "@polkadot/util" "^7.8.2"
    "@polkadot/util-crypto" "^7.8.2"
    rxjs "^7.4.0"

"@polkadot/api@6.8.2-4":
  version "6.8.2-4"
  resolved "https://registry.npmjs.org/@polkadot/api/-/api-6.8.2-4.tgz#014ab68c1c5fb85f9c0d4001c348b6b0f5c5059d"
  integrity sha512-X3TNeD7UyD/JyxlzgXc8vF4TpxXsZ4U6UapebD2UMey7i7c1CRRzvq2tjhkxqNlk+O7LNbmLqKo2ig6FtghXaw==
  dependencies:
    "@babel/runtime" "^7.16.3"
    "@polkadot/api-derive" "6.8.2-4"
    "@polkadot/keyring" "^7.8.2"
    "@polkadot/rpc-core" "6.8.2-4"
    "@polkadot/rpc-provider" "6.8.2-4"
    "@polkadot/types" "6.8.2-4"
    "@polkadot/types-known" "6.8.2-4"
    "@polkadot/util" "^7.8.2"
    "@polkadot/util-crypto" "^7.8.2"
    eventemitter3 "^4.0.7"
    rxjs "^7.4.0"

"@polkadot/keyring@^7.8.2":
  version "7.8.2"
  resolved "https://registry.npmjs.org/@polkadot/keyring/-/keyring-7.8.2.tgz#c4d1a3c6cb9b07a659558f4869d92e00f6420208"
  integrity sha512-QmSXkaUxXEt4Yx5RVUmPO8LGscuEOGjrH7tolQS9ASdxZjeCwIXl7+CTHGPUhGhJDMAJE/gvG2V2E9Al8N0tvQ==
  dependencies:
    "@babel/runtime" "^7.16.0"
    "@polkadot/util" "7.8.2"
    "@polkadot/util-crypto" "7.8.2"

"@polkadot/networks@7.8.2", "@polkadot/networks@^7.8.2":
  version "7.8.2"
  resolved "https://registry.npmjs.org/@polkadot/networks/-/networks-7.8.2.tgz#24bc6f946069395c08a24da65c848f7158fb7abf"
  integrity sha512-E/Bm4QUAfyBUCv0Bq9ldRVNG+trLHoOAv6ttzWKw/UHoa2cDe2UP9qTUnxtXWAmyIYWvLeoMHgStj+pWbLL8SA==
  dependencies:
    "@babel/runtime" "^7.16.0"

"@polkadot/rpc-core@6.8.2-4":
  version "6.8.2-4"
  resolved "https://registry.npmjs.org/@polkadot/rpc-core/-/rpc-core-6.8.2-4.tgz#d131ecff1a09d6492eed07561b5203abfc187e5e"
  integrity sha512-vtj9y3s9wbC+O4uIUBwUFhfajvXjYxFusq1ULw0OhTW70i7SyY+NWrI8ymfLKUVrViN6wenL5otHp3G4FmftAA==
  dependencies:
    "@babel/runtime" "^7.16.3"
    "@polkadot/rpc-provider" "6.8.2-4"
    "@polkadot/types" "6.8.2-4"
    "@polkadot/util" "^7.8.2"
    rxjs "^7.4.0"

"@polkadot/rpc-provider@6.8.2-4":
  version "6.8.2-4"
  resolved "https://registry.npmjs.org/@polkadot/rpc-provider/-/rpc-provider-6.8.2-4.tgz#a96c259fdbab101500249e52c634d5b485def1b0"
  integrity sha512-bDrQ96QI3VQaa5Oa0I5Q9svwhzjcnSpyP6d+Ki0rN+JtM4ajcS/Dc6oZIJre3YXwOD3ZjQiyzCz5LIv/7Adw3Q==
  dependencies:
    "@babel/runtime" "^7.16.3"
    "@polkadot/types" "6.8.2-4"
    "@polkadot/util" "^7.8.2"
    "@polkadot/util-crypto" "^7.8.2"
    "@polkadot/x-fetch" "^7.8.2"
    "@polkadot/x-global" "^7.8.2"
    "@polkadot/x-ws" "^7.8.2"
    eventemitter3 "^4.0.7"

"@polkadot/types-known@6.8.2-4":
  version "6.8.2-4"
  resolved "https://registry.npmjs.org/@polkadot/types-known/-/types-known-6.8.2-4.tgz#93e1d3894a17213729e7a0ff1b4cccf1b09f7a41"
  integrity sha512-wp6e90m9Lioe0xYwcoKxhjpSgg93uudaAnBsLdIAMefK5UT8ro7gwZnQbUptZNapXMzefqEUwnMNV/kMKE6+2Q==
  dependencies:
    "@babel/runtime" "^7.16.3"
    "@polkadot/networks" "^7.8.2"
    "@polkadot/types" "6.8.2-4"
    "@polkadot/util" "^7.8.2"

"@polkadot/types@6.8.2-4":
  version "6.8.2-4"
  resolved "https://registry.npmjs.org/@polkadot/types/-/types-6.8.2-4.tgz#f0af81746522c791d53d368f008740b1eeb25bd5"
  integrity sha512-d1rJRn6iObEmIxvymrYDXrxUthBbJVkMk5MQqNQwja3LmU/M8sIJBoqsPHuvDZPV7VKLKusk2as6QB8gDH14xA==
  dependencies:
    "@babel/runtime" "^7.16.3"
    "@polkadot/util" "^7.8.2"
    "@polkadot/util-crypto" "^7.8.2"
    rxjs "^7.4.0"

"@polkadot/util-crypto@7.8.2", "@polkadot/util-crypto@^7.8.2":
  version "7.8.2"
  resolved "https://registry.npmjs.org/@polkadot/util-crypto/-/util-crypto-7.8.2.tgz#8fdf177793b00eced2d132ce03b0a9c0b0d1441b"
  integrity sha512-wmWRRQuYmf3j4DJMPG2+J2BCS0uyO9yXuYlPdZ31enehTNDPl7Uke9sCUAdlAIwIfz60i4SIh8wyFPKMMwthqQ==
  dependencies:
    "@babel/runtime" "^7.16.0"
    "@polkadot/networks" "7.8.2"
    "@polkadot/util" "7.8.2"
    "@polkadot/wasm-crypto" "^4.2.1"
    "@polkadot/x-randomvalues" "7.8.2"
    base-x "^3.0.9"
    base64-js "^1.5.1"
    blakejs "^1.1.1"
    bn.js "^4.12.0"
    create-hash "^1.2.0"
    ed2curve "^0.3.0"
    elliptic "^6.5.4"
    hash.js "^1.1.7"
    js-sha3 "^0.8.0"
    scryptsy "^2.1.0"
    tweetnacl "^1.0.3"
    xxhashjs "^0.2.2"

"@polkadot/util@7.8.2", "@polkadot/util@^7.8.2":
  version "7.8.2"
  resolved "https://registry.npmjs.org/@polkadot/util/-/util-7.8.2.tgz#7d42e4981fdec6f032f29602400b966ddababf03"
  integrity sha512-7JxRdSjw+7EUmCEIju34VLgeICNmfnOPby6lTzac0ODO2IH3NfE42YRGjRelRm+cNEmL272jojfU+o2Q7ePTww==
  dependencies:
    "@babel/runtime" "^7.16.0"
    "@polkadot/x-textdecoder" "7.8.2"
    "@polkadot/x-textencoder" "7.8.2"
    "@types/bn.js" "^4.11.6"
    bn.js "^4.12.0"
    camelcase "^6.2.0"
    ip-regex "^4.3.0"

"@polkadot/wasm-crypto-asmjs@^4.2.1":
  version "4.2.1"
  resolved "https://registry.npmjs.org/@polkadot/wasm-crypto-asmjs/-/wasm-crypto-asmjs-4.2.1.tgz#6b7eae1c011709f8042dfd30872a5fc5e9e021c0"
  integrity sha512-ON9EBpTNDCI3QRUmuQJIegYoAcwvxDaNNA7uwKTaEEStu8LjCIbQxbt4WbOBYWI0PoUpl4iIluXdT3XZ3V3jXA==
  dependencies:
    "@babel/runtime" "^7.15.3"

"@polkadot/wasm-crypto-wasm@^4.2.1":
  version "4.2.1"
  resolved "https://registry.npmjs.org/@polkadot/wasm-crypto-wasm/-/wasm-crypto-wasm-4.2.1.tgz#2a86f9b405e7195c3f523798c6ce4afffd19737e"
  integrity sha512-Rs2CKiR4D+2hKzmKBfPNYxcd2E8NfLWia0av4fgicjT9YsWIWOGQUi9AtSOfazPOR9FrjxKJy+chQxAkcfKMnQ==
  dependencies:
    "@babel/runtime" "^7.15.3"

"@polkadot/wasm-crypto@^4.2.1":
  version "4.2.1"
  resolved "https://registry.npmjs.org/@polkadot/wasm-crypto/-/wasm-crypto-4.2.1.tgz#4d09402f5ac71a90962fb58cbe4b1707772a4fb6"
  integrity sha512-C/A/QnemOilRTLnM0LfhPY2N/x3ZFd1ihm9sXYyuh98CxtekSVYI9h4IJ5Jrgz5imSUHgvt9oJLqJ5GbWQV/Zg==
  dependencies:
    "@babel/runtime" "^7.15.3"
    "@polkadot/wasm-crypto-asmjs" "^4.2.1"
    "@polkadot/wasm-crypto-wasm" "^4.2.1"

"@polkadot/x-fetch@^7.8.2":
  version "7.8.2"
  resolved "https://registry.npmjs.org/@polkadot/x-fetch/-/x-fetch-7.8.2.tgz#50912bc547a3063215843aa335770bbf9b974d09"
  integrity sha512-CC9mQy9TW0WYmWRs7GNOzqvhIE05DBWP5tnDjjgZLcb1vB2wY4pUV5XQAK/gymbfsajWxEc/+89afwJ9PmhjQw==
  dependencies:
    "@babel/runtime" "^7.16.0"
    "@polkadot/x-global" "7.8.2"
    "@types/node-fetch" "^2.5.12"
    node-fetch "^2.6.6"

"@polkadot/x-global@7.8.2", "@polkadot/x-global@^7.8.2":
  version "7.8.2"
  resolved "https://registry.npmjs.org/@polkadot/x-global/-/x-global-7.8.2.tgz#bc15bfd46e78b8a97622e07824f1e75566f3cb3a"
  integrity sha512-olULRitxWv1tsSDgLdiVBbyzaU+OJbw8aTdmUMj9ZiIJstBzbNT/vsTWkX6JuMSLb9hw6ElaDXJ7zaffHY5siw==
  dependencies:
    "@babel/runtime" "^7.16.0"

"@polkadot/x-randomvalues@7.8.2":
  version "7.8.2"
  resolved "https://registry.npmjs.org/@polkadot/x-randomvalues/-/x-randomvalues-7.8.2.tgz#b24f261882f87bfa9c45f509d009aaf26037d1d8"
  integrity sha512-e/Jc9oCP+IIDWy5u+jk1Cz8ulI3os1VlSaQGsNPA8U56PGLJr+PeI4EnXzjIVgdKuwOhV7C/TTyu7fnGsIGTrA==
  dependencies:
    "@babel/runtime" "^7.16.0"
    "@polkadot/x-global" "7.8.2"

"@polkadot/x-textdecoder@7.8.2":
  version "7.8.2"
  resolved "https://registry.npmjs.org/@polkadot/x-textdecoder/-/x-textdecoder-7.8.2.tgz#b58fcaf5f4ea6dbe52117086053a022f63f5a79c"
  integrity sha512-Ggp/lUjG6+w75lpbUjWFAxH262gu9hfMu89qd9VOUoPX6CbNT5mUPKaVDtofjmKcQzfW1zZRPjlePzv+JVoTVg==
  dependencies:
    "@babel/runtime" "^7.16.0"
    "@polkadot/x-global" "7.8.2"

"@polkadot/x-textencoder@7.8.2":
  version "7.8.2"
  resolved "https://registry.npmjs.org/@polkadot/x-textencoder/-/x-textencoder-7.8.2.tgz#5cb52fd93a1cbc0fd2dae2ebba4cb2953750c266"
  integrity sha512-GtgqGlXYEQqwO6Nl9ZX08KF1Bc3WIId8ADDNTHqLgXaQLqQykwdqQZUKPSnjhQFf8kJX6+kOSxzmv8P5oMTJcg==
  dependencies:
    "@babel/runtime" "^7.16.0"
    "@polkadot/x-global" "7.8.2"

"@polkadot/x-ws@^7.8.2":
  version "7.8.2"
  resolved "https://registry.npmjs.org/@polkadot/x-ws/-/x-ws-7.8.2.tgz#8a9dce26603b70c5e6cd8f4edd500959315311ce"
  integrity sha512-ZnE82YTm96UY5Kt9mWFp5pEtBZRLw02w5EucZ5bCdBVGCIjU0wvfaHgyHRn0XlNCNvsExPanDiT3G+p+UX/NmQ==
  dependencies:
    "@babel/runtime" "^7.16.0"
    "@polkadot/x-global" "7.8.2"
    "@types/websocket" "^1.0.4"
    websocket "^1.0.34"

"@types/bn.js@^4.11.6":
  version "4.11.6"
  resolved "https://registry.nlark.com/@types/bn.js/download/@types/bn.js-4.11.6.tgz#c306c70d9358aaea33cd4eda092a742b9505967c"
  integrity sha1-wwbHDZNYquozzU7aCSp0K5UFlnw=
  dependencies:
    "@types/node" "*"

"@types/node-fetch@^2.5.12":
  version "2.5.12"
  resolved "https://registry.nlark.com/@types/node-fetch/download/@types/node-fetch-2.5.12.tgz?cache=0&sync_timestamp=1626990626436&other_urls=https%3A%2F%2Fregistry.nlark.com%2F%40types%2Fnode-fetch%2Fdownload%2F%40types%2Fnode-fetch-2.5.12.tgz#8a6f779b1d4e60b7a57fb6fd48d84fb545b9cc66"
  integrity sha1-im93mx1OYLelf7b9SNhPtUW5zGY=
  dependencies:
    "@types/node" "*"
    form-data "^3.0.0"

"@types/node@*":
  version "15.12.2"
  resolved "https://registry.nlark.com/@types/node/download/@types/node-15.12.2.tgz#1f2b42c4be7156ff4a6f914b2fb03d05fa84e38d"
  integrity sha1-HytCxL5xVv9Kb5FLL7A9BfqE440=

"@types/websocket@^1.0.4":
  version "1.0.4"
  resolved "https://registry.nlark.com/@types/websocket/download/@types/websocket-1.0.4.tgz#1dc497280d8049a5450854dd698ee7e6ea9e60b8"
  integrity sha1-HcSXKA2ASaVFCFTdaY7n5uqeYLg=
  dependencies:
    "@types/node" "*"

asynckit@^0.4.0:
  version "0.4.0"
  resolved "https://registry.npm.taobao.org/asynckit/download/asynckit-0.4.0.tgz#c79ed97f7f34cb8f2ba1bc9790bcc366474b4b79"
  integrity sha1-x57Zf380y48robyXkLzDZkdLS3k=

axios@^0.21.1:
  version "0.21.1"
  resolved "https://registry.npm.taobao.org/axios/download/axios-0.21.1.tgz?cache=0&sync_timestamp=1608609324963&other_urls=https%3A%2F%2Fregistry.npm.taobao.org%2Faxios%2Fdownload%2Faxios-0.21.1.tgz#22563481962f4d6bde9a76d516ef0e5d3c09b2b8"
  integrity sha1-IlY0gZYvTWvemnbVFu8OXTwJsrg=
  dependencies:
    follow-redirects "^1.10.0"

base-path-converter@^1.0.2:
  version "1.0.2"
  resolved "https://registry.nlark.com/base-path-converter/download/base-path-converter-1.0.2.tgz#e80b4b4f31c7b1561e632158e00774b6f2f27978"
  integrity sha1-6AtLTzHHsVYeYyFY4Ad0tvLyeXg=

base-x@^3.0.2, base-x@^3.0.8:
  version "3.0.8"
  resolved "https://registry.npm.taobao.org/base-x/download/base-x-3.0.8.tgz#1e1106c2537f0162e8b52474a557ebb09000018d"
  integrity sha1-HhEGwlN/AWLotSR0pVfrsJAAAY0=
  dependencies:
    safe-buffer "^5.0.1"

base-x@^3.0.9:
  version "3.0.9"
  resolved "https://registry.npmjs.org/base-x/-/base-x-3.0.9.tgz#6349aaabb58526332de9f60995e548a53fe21320"
  integrity sha512-H7JU6iBHTal1gp56aKoaa//YUxEaAOUiydvrV/pILqIHXTtqxSkATOnDA2u+jZ/61sD+L/412+7kzXRtWukhpQ==
  dependencies:
    safe-buffer "^5.0.1"

base64-js@^1.3.1, base64-js@^1.5.1:
  version "1.5.1"
  resolved "https://registry.nlark.com/base64-js/download/base64-js-1.5.1.tgz#1b1b440160a5bf7ad40b650f095963481903930a"
  integrity sha1-GxtEAWClv3rUC2UPCVljSBkDkwo=

blakejs@^1.1.1:
  version "1.1.1"
  resolved "https://registry.nlark.com/blakejs/download/blakejs-1.1.1.tgz#bf313053978b2cd4c444a48795710be05c785702"
  integrity sha1-vzEwU5eLLNTERKSHlXEL4Fx4VwI=

bn.js@^4.11.9, bn.js@^4.12.0:
  version "4.12.0"
  resolved "https://registry.npm.taobao.org/bn.js/download/bn.js-4.12.0.tgz#775b3f278efbb9718eec7361f483fb36fbbfea88"
  integrity sha1-d1s/J477uXGO7HNh9IP7Nvu/6og=

brorand@^1.1.0:
  version "1.1.0"
  resolved "https://registry.npm.taobao.org/brorand/download/brorand-1.1.0.tgz#12c25efe40a45e3c323eb8675a0a0ce57b22371f"
  integrity sha1-EsJe/kCkXjwyPrhnWgoM5XsiNx8=

bs58@^4.0.1:
  version "4.0.1"
  resolved "https://registry.nlark.com/bs58/download/bs58-4.0.1.tgz#be161e76c354f6f788ae4071f63f34e8c4f0a42a"
  integrity sha1-vhYedsNU9veIrkBx9j806MTwpCo=
  dependencies:
    base-x "^3.0.2"

buffer@^5.5.0, buffer@^5.6.0:
  version "5.7.1"
  resolved "https://registry.nlark.com/buffer/download/buffer-5.7.1.tgz?cache=0&sync_timestamp=1618846959596&other_urls=https%3A%2F%2Fregistry.nlark.com%2Fbuffer%2Fdownload%2Fbuffer-5.7.1.tgz#ba62e7c13133053582197160851a8f648e99eed0"
  integrity sha1-umLnwTEzBTWCGXFghRqPZI6Z7tA=
  dependencies:
    base64-js "^1.3.1"
    ieee754 "^1.1.13"

bufferutil@^4.0.1:
  version "4.0.3"
  resolved "https://registry.npm.taobao.org/bufferutil/download/bufferutil-4.0.3.tgz?cache=0&sync_timestamp=1609618802475&other_urls=https%3A%2F%2Fregistry.npm.taobao.org%2Fbufferutil%2Fdownload%2Fbufferutil-4.0.3.tgz#66724b756bed23cd7c28c4d306d7994f9943cc6b"
  integrity sha1-ZnJLdWvtI818KMTTBteZT5lDzGs=
  dependencies:
    node-gyp-build "^4.2.0"

camelcase@^6.2.0:
  version "6.2.0"
  resolved "https://registry.npmjs.org/camelcase/-/camelcase-6.2.0.tgz#924af881c9d525ac9d87f40d964e5cea982a1809"
  integrity sha512-c7wVvbw3f37nuobQNtgsgG9POC9qMbNuMQmTCqZv23b6MIz0fcYpBiOlv9gEN/hdLdnZTDQhg6e9Dq5M1vKvfg==

cids@~0.7.0:
  version "0.7.5"
  resolved "https://registry.nlark.com/cids/download/cids-0.7.5.tgz#60a08138a99bfb69b6be4ceb63bfef7a396b28b2"
  integrity sha1-YKCBOKmb+2m2vkzrY7/vejlrKLI=
  dependencies:
    buffer "^5.5.0"
    class-is "^1.1.0"
    multibase "~0.6.0"
    multicodec "^1.0.0"
    multihashes "~0.4.15"

cids@~0.8.0:
  version "0.8.3"
  resolved "https://registry.nlark.com/cids/download/cids-0.8.3.tgz#aaf48ac8ed857c3d37dad94d8db1d8c9407b92db"
  integrity sha1-qvSKyO2FfD032tlNjbHYyUB7kts=
  dependencies:
    buffer "^5.6.0"
    class-is "^1.1.0"
    multibase "^1.0.0"
    multicodec "^1.0.1"
    multihashes "^1.0.1"

cipher-base@^1.0.1:
  version "1.0.4"
  resolved "https://registry.nlark.com/cipher-base/download/cipher-base-1.0.4.tgz#8760e4ecc272f4c363532f926d874aae2c1397de"
  integrity sha1-h2Dk7MJy9MNjUy+SbYdKriwTl94=
  dependencies:
    inherits "^2.0.1"
    safe-buffer "^5.0.1"

class-is@^1.1.0:
  version "1.1.0"
  resolved "https://registry.npm.taobao.org/class-is/download/class-is-1.1.0.tgz#9d3c0fba0440d211d843cec3dedfa48055005825"
  integrity sha1-nTwPugRA0hHYQ87D3t+kgFUAWCU=

combined-stream@^1.0.6, combined-stream@^1.0.8:
  version "1.0.8"
  resolved "https://registry.nlark.com/combined-stream/download/combined-stream-1.0.8.tgz#c3d45a8b34fd730631a110a8a2520682b31d5a7f"
  integrity sha1-w9RaizT9cwYxoRCoolIGgrMdWn8=
  dependencies:
    delayed-stream "~1.0.0"

create-hash@^1.2.0:
  version "1.2.0"
  resolved "https://registry.nlark.com/create-hash/download/create-hash-1.2.0.tgz#889078af11a63756bcfb59bd221996be3a9ef196"
  integrity sha1-iJB4rxGmN1a8+1m9IhmWvjqe8ZY=
  dependencies:
    cipher-base "^1.0.1"
    inherits "^2.0.1"
    md5.js "^1.3.4"
    ripemd160 "^2.0.1"
    sha.js "^2.4.0"

cuint@^0.2.2:
  version "0.2.2"
  resolved "https://registry.nlark.com/cuint/download/cuint-0.2.2.tgz#408086d409550c2631155619e9fa7bcadc3b991b"
  integrity sha1-QICG1AlVDCYxFVYZ6fp7ytw7mRs=

d@1, d@^1.0.1:
  version "1.0.1"
  resolved "https://registry.npm.taobao.org/d/download/d-1.0.1.tgz#8698095372d58dbee346ffd0c7093f99f8f9eb5a"
  integrity sha1-hpgJU3LVjb7jRv/Qxwk/mfj561o=
  dependencies:
    es5-ext "^0.10.50"
    type "^1.0.1"

debug@^2.2.0:
  version "2.6.9"
  resolved "https://registry.npm.taobao.org/debug/download/debug-2.6.9.tgz?cache=0&sync_timestamp=1614330710870&other_urls=https%3A%2F%2Fregistry.npm.taobao.org%2Fdebug%2Fdownload%2Fdebug-2.6.9.tgz#5d128515df134ff327e90a4c93f4e077a536341f"
  integrity sha1-XRKFFd8TT/Mn6QpMk/Tgd6U2NB8=
  dependencies:
    ms "2.0.0"

delayed-stream@~1.0.0:
  version "1.0.0"
  resolved "https://registry.nlark.com/delayed-stream/download/delayed-stream-1.0.0.tgz#df3ae199acadfb7d440aaae0b29e2272b24ec619"
  integrity sha1-3zrhmayt+31ECqrgsp4icrJOxhk=

dotenv@^10.0.0:
  version "10.0.0"
  resolved "https://registry.nlark.com/dotenv/download/dotenv-10.0.0.tgz#3d4227b8fb95f81096cdd2b66653fb2c7085ba81"
  integrity sha1-PUInuPuV+BCWzdK2ZlP7LHCFuoE=

ed2curve@^0.3.0:
  version "0.3.0"
  resolved "https://registry.npm.taobao.org/ed2curve/download/ed2curve-0.3.0.tgz#322b575152a45305429d546b071823a93129a05d"
  integrity sha1-MitXUVKkUwVCnVRrBxgjqTEpoF0=
  dependencies:
    tweetnacl "1.x.x"

elliptic@^6.5.4:
  version "6.5.4"
  resolved "https://registry.nlark.com/elliptic/download/elliptic-6.5.4.tgz#da37cebd31e79a1367e941b592ed1fbebd58abbb"
  integrity sha1-2jfOvTHnmhNn6UG1ku0fvr1Yq7s=
  dependencies:
    bn.js "^4.11.9"
    brorand "^1.1.0"
    hash.js "^1.0.0"
    hmac-drbg "^1.0.1"
    inherits "^2.0.4"
    minimalistic-assert "^1.0.1"
    minimalistic-crypto-utils "^1.0.1"

es5-ext@^0.10.35, es5-ext@^0.10.50:
  version "0.10.53"
  resolved "https://registry.npm.taobao.org/es5-ext/download/es5-ext-0.10.53.tgz#93c5a3acfdbef275220ad72644ad02ee18368de1"
  integrity sha1-k8WjrP2+8nUiCtcmRK0C7hg2jeE=
  dependencies:
    es6-iterator "~2.0.3"
    es6-symbol "~3.1.3"
    next-tick "~1.0.0"

es6-iterator@~2.0.3:
  version "2.0.3"
  resolved "https://registry.nlark.com/es6-iterator/download/es6-iterator-2.0.3.tgz#a7de889141a05a94b0854403b2d0a0fbfa98f3b7"
  integrity sha1-p96IkUGgWpSwhUQDstCg+/qY87c=
  dependencies:
    d "1"
    es5-ext "^0.10.35"
    es6-symbol "^3.1.1"

es6-symbol@^3.1.1, es6-symbol@~3.1.3:
  version "3.1.3"
  resolved "https://registry.npm.taobao.org/es6-symbol/download/es6-symbol-3.1.3.tgz#bad5d3c1bcdac28269f4cb331e431c78ac705d18"
  integrity sha1-utXTwbzawoJp9MszHkMceKxwXRg=
  dependencies:
    d "^1.0.1"
    ext "^1.1.2"

eventemitter3@^4.0.7:
  version "4.0.7"
  resolved "https://registry.npm.taobao.org/eventemitter3/download/eventemitter3-4.0.7.tgz?cache=0&sync_timestamp=1598517819668&other_urls=https%3A%2F%2Fregistry.npm.taobao.org%2Feventemitter3%2Fdownload%2Feventemitter3-4.0.7.tgz#2de9b68f6528d5644ef5c59526a1b4a07306169f"
  integrity sha1-Lem2j2Uo1WRO9cWVJqG0oHMGFp8=

ext@^1.1.2:
  version "1.4.0"
  resolved "https://registry.npm.taobao.org/ext/download/ext-1.4.0.tgz#89ae7a07158f79d35517882904324077e4379244"
  integrity sha1-ia56BxWPedNVF4gpBDJAd+Q3kkQ=
  dependencies:
    type "^2.0.0"

follow-redirects@^1.10.0:
  version "1.14.1"
  resolved "https://registry.nlark.com/follow-redirects/download/follow-redirects-1.14.1.tgz#d9114ded0a1cfdd334e164e6662ad02bfd91ff43"
  integrity sha1-2RFN7Qoc/dM04WTmZirQK/2R/0M=

form-data@^2.3.3:
  version "2.5.1"
  resolved "https://registry.nlark.com/form-data/download/form-data-2.5.1.tgz#f2cbec57b5e59e23716e128fe44d4e5dd23895f4"
  integrity sha1-8svsV7XlniNxbhKP5E1OXdI4lfQ=
  dependencies:
    asynckit "^0.4.0"
    combined-stream "^1.0.6"
    mime-types "^2.1.12"

form-data@^3.0.0:
  version "3.0.1"
  resolved "https://registry.nlark.com/form-data/download/form-data-3.0.1.tgz#ebd53791b78356a99af9a300d4282c4d5eb9755f"
  integrity sha1-69U3kbeDVqma+aMA1CgsTV65dV8=
  dependencies:
    asynckit "^0.4.0"
    combined-stream "^1.0.8"
    mime-types "^2.1.12"

hash-base@^3.0.0:
  version "3.1.0"
  resolved "https://registry.npm.taobao.org/hash-base/download/hash-base-3.1.0.tgz#55c381d9e06e1d2997a883b4a3fddfe7f0d3af33"
  integrity sha1-VcOB2eBuHSmXqIO0o/3f5/DTrzM=
  dependencies:
    inherits "^2.0.4"
    readable-stream "^3.6.0"
    safe-buffer "^5.2.0"

hash.js@^1.0.0, hash.js@^1.0.3, hash.js@^1.1.7:
  version "1.1.7"
  resolved "https://registry.npm.taobao.org/hash.js/download/hash.js-1.1.7.tgz#0babca538e8d4ee4a0f8988d68866537a003cf42"
  integrity sha1-C6vKU46NTuSg+JiNaIZlN6ADz0I=
  dependencies:
    inherits "^2.0.3"
    minimalistic-assert "^1.0.1"

hmac-drbg@^1.0.1:
  version "1.0.1"
  resolved "https://registry.npm.taobao.org/hmac-drbg/download/hmac-drbg-1.0.1.tgz#d2745701025a6c775a6c545793ed502fc0c649a1"
  integrity sha1-0nRXAQJabHdabFRXk+1QL8DGSaE=
  dependencies:
    hash.js "^1.0.3"
    minimalistic-assert "^1.0.0"
    minimalistic-crypto-utils "^1.0.1"

ieee754@^1.1.13:
  version "1.2.1"
  resolved "https://registry.nlark.com/ieee754/download/ieee754-1.2.1.tgz#8eb7a10a63fff25d15a57b001586d177d1b0d352"
  integrity sha1-jrehCmP/8l0VpXsAFYbRd9Gw01I=

inherits@^2.0.1, inherits@^2.0.3, inherits@^2.0.4:
  version "2.0.4"
  resolved "https://registry.nlark.com/inherits/download/inherits-2.0.4.tgz#0fa2c64f932917c3433a0ded55363aae37416b7c"
  integrity sha1-D6LGT5MpF8NDOg3tVTY6rjdBa3w=

ip-regex@^4.0.0, ip-regex@^4.3.0:
  version "4.3.0"
  resolved "https://registry.nlark.com/ip-regex/download/ip-regex-4.3.0.tgz?cache=0&sync_timestamp=1618846943469&other_urls=https%3A%2F%2Fregistry.nlark.com%2Fip-regex%2Fdownload%2Fip-regex-4.3.0.tgz#687275ab0f57fa76978ff8f4dddc8a23d5990db5"
  integrity sha1-aHJ1qw9X+naXj/j03dyKI9WZDbU=

is-ip@^3.1.0:
  version "3.1.0"
  resolved "https://registry.npm.taobao.org/is-ip/download/is-ip-3.1.0.tgz#2ae5ddfafaf05cb8008a62093cf29734f657c5d8"
  integrity sha1-KuXd+vrwXLgAimIJPPKXNPZXxdg=
  dependencies:
    ip-regex "^4.0.0"

is-ipfs@^0.6.0:
  version "0.6.3"
  resolved "https://registry.nlark.com/is-ipfs/download/is-ipfs-0.6.3.tgz#82a5350e0a42d01441c40b369f8791e91404c497"
  integrity sha1-gqU1DgpC0BRBxAs2n4eR6RQExJc=
  dependencies:
    bs58 "^4.0.1"
    cids "~0.7.0"
    mafmt "^7.0.0"
    multiaddr "^7.2.1"
    multibase "~0.6.0"
    multihashes "~0.4.13"

is-typedarray@^1.0.0:
  version "1.0.0"
  resolved "https://registry.npm.taobao.org/is-typedarray/download/is-typedarray-1.0.0.tgz#e479c80858df0c1b11ddda6940f96011fcda4a9a"
  integrity sha1-5HnICFjfDBsR3dppQPlgEfzaSpo=

js-sha3@^0.8.0:
  version "0.8.0"
  resolved "https://registry.npm.taobao.org/js-sha3/download/js-sha3-0.8.0.tgz#b9b7a5da73afad7dedd0f8c463954cbde6818840"
  integrity sha1-ubel2nOvrX3t0PjEY5VMveaBiEA=

lodash.merge@^4.6.2:
  version "4.6.2"
  resolved "https://registry.npm.taobao.org/lodash.merge/download/lodash.merge-4.6.2.tgz#558aa53b43b661e1925a0afdfa36a9a1085fe57a"
  integrity sha1-VYqlO0O2YeGSWgr9+japoQhf5Xo=

mafmt@^7.0.0:
  version "7.1.0"
  resolved "https://registry.npm.taobao.org/mafmt/download/mafmt-7.1.0.tgz#4126f6d0eded070ace7dbbb6fb04977412d380b5"
  integrity sha1-QSb20O3tBwrOfbu2+wSXdBLTgLU=
  dependencies:
    multiaddr "^7.3.0"

md5.js@^1.3.4:
  version "1.3.5"
  resolved "https://registry.npm.taobao.org/md5.js/download/md5.js-1.3.5.tgz#b5d07b8e3216e3e27cd728d72f70d1e6a342005f"
  integrity sha1-tdB7jjIW4+J81yjXL3DR5qNCAF8=
  dependencies:
    hash-base "^3.0.0"
    inherits "^2.0.1"
    safe-buffer "^5.1.2"

mime-db@1.48.0:
  version "1.48.0"
  resolved "https://registry.nlark.com/mime-db/download/mime-db-1.48.0.tgz?cache=0&sync_timestamp=1622433556078&other_urls=https%3A%2F%2Fregistry.nlark.com%2Fmime-db%2Fdownload%2Fmime-db-1.48.0.tgz#e35b31045dd7eada3aaad537ed88a33afbef2d1d"
  integrity sha1-41sxBF3X6to6qtU37YijOvvvLR0=

mime-types@^2.1.12:
  version "2.1.31"
  resolved "https://registry.nlark.com/mime-types/download/mime-types-2.1.31.tgz?cache=0&sync_timestamp=1622569304088&other_urls=https%3A%2F%2Fregistry.nlark.com%2Fmime-types%2Fdownload%2Fmime-types-2.1.31.tgz#a00d76b74317c61f9c2db2218b8e9f8e9c5c9e6b"
  integrity sha1-oA12t0MXxh+cLbIhi46fjpxcnms=
  dependencies:
    mime-db "1.48.0"

minimalistic-assert@^1.0.0, minimalistic-assert@^1.0.1:
  version "1.0.1"
  resolved "https://registry.nlark.com/minimalistic-assert/download/minimalistic-assert-1.0.1.tgz#2e194de044626d4a10e7f7fbc00ce73e83e4d5c7"
  integrity sha1-LhlN4ERibUoQ5/f7wAznPoPk1cc=

minimalistic-crypto-utils@^1.0.1:
  version "1.0.1"
  resolved "https://registry.nlark.com/minimalistic-crypto-utils/download/minimalistic-crypto-utils-1.0.1.tgz#f6c00c1c0b082246e5c4d99dfb8c7c083b2b582a"
  integrity sha1-9sAMHAsIIkblxNmd+4x8CDsrWCo=

ms@2.0.0:
  version "2.0.0"
  resolved "https://registry.npm.taobao.org/ms/download/ms-2.0.0.tgz?cache=0&sync_timestamp=1607433899126&other_urls=https%3A%2F%2Fregistry.npm.taobao.org%2Fms%2Fdownload%2Fms-2.0.0.tgz#5608aeadfc00be6c2901df5f9861788de0d597c8"
  integrity sha1-VgiurfwAvmwpAd9fmGF4jeDVl8g=

multiaddr@^7.2.1, multiaddr@^7.3.0:
  version "7.5.0"
  resolved "https://registry.npm.taobao.org/multiaddr/download/multiaddr-7.5.0.tgz#976c88e256e512263445ab03b3b68c003d5f485e"
  integrity sha1-l2yI4lblEiY0RasDs7aMAD1fSF4=
  dependencies:
    buffer "^5.5.0"
    cids "~0.8.0"
    class-is "^1.1.0"
    is-ip "^3.1.0"
    multibase "^0.7.0"
    varint "^5.0.0"

multibase@^0.7.0:
  version "0.7.0"
  resolved "https://registry.npm.taobao.org/multibase/download/multibase-0.7.0.tgz#1adfc1c50abe05eefeb5091ac0c2728d6b84581b"
  integrity sha1-Gt/BxQq+Be7+tQkawMJyjWuEWBs=
  dependencies:
    base-x "^3.0.8"
    buffer "^5.5.0"

multibase@^1.0.0, multibase@^1.0.1:
  version "1.0.1"
  resolved "https://registry.npm.taobao.org/multibase/download/multibase-1.0.1.tgz#4adbe1de0be8a1ab0274328b653c3f1903476724"
  integrity sha1-Stvh3gvooasCdDKLZTw/GQNHZyQ=
  dependencies:
    base-x "^3.0.8"
    buffer "^5.5.0"

multibase@~0.6.0:
  version "0.6.1"
  resolved "https://registry.npm.taobao.org/multibase/download/multibase-0.6.1.tgz#b76df6298536cc17b9f6a6db53ec88f85f8cc12b"
  integrity sha1-t232KYU2zBe59qbbU+yI+F+MwSs=
  dependencies:
    base-x "^3.0.8"
    buffer "^5.5.0"

multicodec@^1.0.0, multicodec@^1.0.1:
  version "1.0.4"
  resolved "https://registry.npm.taobao.org/multicodec/download/multicodec-1.0.4.tgz#46ac064657c40380c28367c90304d8ed175a714f"
  integrity sha1-RqwGRlfEA4DCg2fJAwTY7RdacU8=
  dependencies:
    buffer "^5.6.0"
    varint "^5.0.0"

multihashes@^1.0.1:
  version "1.0.1"
  resolved "https://registry.npm.taobao.org/multihashes/download/multihashes-1.0.1.tgz#a89415d68283cf6287c6e219e304e75ce7fb73fe"
  integrity sha1-qJQV1oKDz2KHxuIZ4wTnXOf7c/4=
  dependencies:
    buffer "^5.6.0"
    multibase "^1.0.1"
    varint "^5.0.0"

multihashes@~0.4.13, multihashes@~0.4.15:
  version "0.4.21"
  resolved "https://registry.npm.taobao.org/multihashes/download/multihashes-0.4.21.tgz#dc02d525579f334a7909ade8a122dabb58ccfcb5"
  integrity sha1-3ALVJVefM0p5Ca3ooSLau1jM/LU=
  dependencies:
    buffer "^5.5.0"
    multibase "^0.7.0"
    varint "^5.0.0"

next-tick@~1.0.0:
  version "1.0.0"
  resolved "https://registry.npm.taobao.org/next-tick/download/next-tick-1.0.0.tgz#ca86d1fe8828169b0120208e3dc8424b9db8342c"
  integrity sha1-yobR/ogoFpsBICCOPchCS524NCw=

node-fetch@^2.6.6:
  version "2.6.6"
  resolved "https://registry.npmjs.org/node-fetch/-/node-fetch-2.6.6.tgz#1751a7c01834e8e1697758732e9efb6eeadfaf89"
  integrity sha512-Z8/6vRlTUChSdIgMa51jxQ4lrw/Jy5SOW10ObaA47/RElsAN2c5Pn8bTgFGWn/ibwzXTE8qwr1Yzx28vsecXEA==
  dependencies:
    whatwg-url "^5.0.0"

node-gyp-build@^4.2.0:
  version "4.2.3"
  resolved "https://registry.npm.taobao.org/node-gyp-build/download/node-gyp-build-4.2.3.tgz#ce6277f853835f718829efb47db20f3e4d9c4739"
  integrity sha1-zmJ3+FODX3GIKe+0fbIPPk2cRzk=

readable-stream@^3.6.0:
  version "3.6.0"
  resolved "https://registry.nlark.com/readable-stream/download/readable-stream-3.6.0.tgz#337bbda3adc0706bd3e024426a286d4b4b2c9198"
  integrity sha1-M3u9o63AcGvT4CRCaihtS0sskZg=
  dependencies:
    inherits "^2.0.3"
    string_decoder "^1.1.1"
    util-deprecate "^1.0.1"

recursive-fs@^1.1.2:
  version "1.1.2"
  resolved "https://registry.npm.taobao.org/recursive-fs/download/recursive-fs-1.1.2.tgz#1d752e2f1a65d25fb6964109a9dbf83a335f90f0"
  integrity sha1-HXUuLxpl0l+2lkEJqdv4OjNfkPA=

regenerator-runtime@^0.13.4:
  version "0.13.7"
  resolved "https://registry.nlark.com/regenerator-runtime/download/regenerator-runtime-0.13.7.tgz#cac2dacc8a1ea675feaabaeb8ae833898ae46f55"
  integrity sha1-ysLazIoepnX+qrrriugziYrkb1U=

ripemd160@^2.0.1:
  version "2.0.2"
  resolved "https://registry.npm.taobao.org/ripemd160/download/ripemd160-2.0.2.tgz#a1c1a6f624751577ba5d07914cbc92850585890c"
  integrity sha1-ocGm9iR1FXe6XQeRTLyShQWFiQw=
  dependencies:
    hash-base "^3.0.0"
    inherits "^2.0.1"

rxjs@^7.4.0:
  version "7.4.0"
  resolved "https://registry.npmjs.org/rxjs/-/rxjs-7.4.0.tgz#a12a44d7eebf016f5ff2441b87f28c9a51cebc68"
  integrity sha512-7SQDi7xeTMCJpqViXh8gL/lebcwlp3d831F05+9B44A4B0WfsEwUQHR64gsH1kvJ+Ep/J9K2+n1hVl1CsGN23w==
  dependencies:
    tslib "~2.1.0"

safe-buffer@^5.0.1, safe-buffer@^5.1.2, safe-buffer@^5.2.0, safe-buffer@~5.2.0:
  version "5.2.1"
  resolved "https://registry.nlark.com/safe-buffer/download/safe-buffer-5.2.1.tgz#1eaf9fa9bdb1fdd4ec75f58f9cdb4e6b7827eec6"
  integrity sha1-Hq+fqb2x/dTsdfWPnNtOa3gn7sY=

scryptsy@^2.1.0:
  version "2.1.0"
  resolved "https://registry.npm.taobao.org/scryptsy/download/scryptsy-2.1.0.tgz#8d1e8d0c025b58fdd25b6fa9a0dc905ee8faa790"
  integrity sha1-jR6NDAJbWP3SW2+poNyQXuj6p5A=

sha.js@^2.4.0:
  version "2.4.11"
  resolved "https://registry.npm.taobao.org/sha.js/download/sha.js-2.4.11.tgz#37a5cf0b81ecbc6943de109ba2960d1b26584ae7"
  integrity sha1-N6XPC4HsvGlD3hCbopYNGyZYSuc=
  dependencies:
    inherits "^2.0.1"
    safe-buffer "^5.0.1"

string_decoder@^1.1.1:
  version "1.3.0"
  resolved "https://registry.nlark.com/string_decoder/download/string_decoder-1.3.0.tgz#42f114594a46cf1a8e30b0a84f56c78c3edac21e"
  integrity sha1-QvEUWUpGzxqOMLCoT1bHjD7awh4=
  dependencies:
    safe-buffer "~5.2.0"

tr46@~0.0.3:
  version "0.0.3"
  resolved "https://registry.npmjs.org/tr46/-/tr46-0.0.3.tgz#8184fd347dac9cdc185992f3a6622e14b9d9ab6a"
  integrity sha1-gYT9NH2snNwYWZLzpmIuFLnZq2o=

tslib@~2.1.0:
  version "2.1.0"
  resolved "https://registry.nlark.com/tslib/download/tslib-2.1.0.tgz?cache=0&other_urls=https%3A%2F%2Fregistry.nlark.com%2Ftslib%2Fdownload%2Ftslib-2.1.0.tgz#da60860f1c2ecaa5703ab7d39bc05b6bf988b97a"
  integrity sha1-2mCGDxwuyqVwOrfTm8Bba/mIuXo=

tweetnacl@1.x.x, tweetnacl@^1.0.3:
  version "1.0.3"
  resolved "https://registry.npm.taobao.org/tweetnacl/download/tweetnacl-1.0.3.tgz#ac0af71680458d8a6378d0d0d050ab1407d35596"
  integrity sha1-rAr3FoBFjYpjeNDQ0FCrFAfTVZY=

type@^1.0.1:
  version "1.2.0"
  resolved "https://registry.npm.taobao.org/type/download/type-1.2.0.tgz#848dd7698dafa3e54a6c479e759c4bc3f18847a0"
  integrity sha1-hI3XaY2vo+VKbEeedZxLw/GIR6A=

type@^2.0.0:
  version "2.5.0"
  resolved "https://registry.npm.taobao.org/type/download/type-2.5.0.tgz#0a2e78c2e77907b252abe5f298c1b01c63f0db3d"
  integrity sha1-Ci54wud5B7JSq+XymMGwHGPw2z0=

typedarray-to-buffer@^3.1.5:
  version "3.1.5"
  resolved "https://registry.npm.taobao.org/typedarray-to-buffer/download/typedarray-to-buffer-3.1.5.tgz#a97ee7a9ff42691b9f783ff1bc5112fe3fca9080"
  integrity sha1-qX7nqf9CaRufeD/xvFES/j/KkIA=
  dependencies:
    is-typedarray "^1.0.0"

utf-8-validate@^5.0.2:
  version "5.0.5"
  resolved "https://registry.nlark.com/utf-8-validate/download/utf-8-validate-5.0.5.tgz?cache=0&sync_timestamp=1620067993025&other_urls=https%3A%2F%2Fregistry.nlark.com%2Futf-8-validate%2Fdownload%2Futf-8-validate-5.0.5.tgz#dd32c2e82c72002dc9f02eb67ba6761f43456ca1"
  integrity sha1-3TLC6CxyAC3J8C62e6Z2H0NFbKE=
  dependencies:
    node-gyp-build "^4.2.0"

util-deprecate@^1.0.1:
  version "1.0.2"
  resolved "https://registry.npm.taobao.org/util-deprecate/download/util-deprecate-1.0.2.tgz#450d4dc9fa70de732762fbd2d4a28981419a0ccf"
  integrity sha1-RQ1Nyfpw3nMnYvvS1KKJgUGaDM8=

varint@^5.0.0:
  version "5.0.2"
  resolved "https://registry.npm.taobao.org/varint/download/varint-5.0.2.tgz#5b47f8a947eb668b848e034dcfa87d0ff8a7f7a4"
  integrity sha1-W0f4qUfrZouEjgNNz6h9D/in96Q=

webidl-conversions@^3.0.0:
  version "3.0.1"
  resolved "https://registry.npmjs.org/webidl-conversions/-/webidl-conversions-3.0.1.tgz#24534275e2a7bc6be7bc86611cc16ae0a5654871"
  integrity sha1-JFNCdeKnvGvnvIZhHMFq4KVlSHE=

websocket@^1.0.34:
  version "1.0.34"
  resolved "https://registry.npm.taobao.org/websocket/download/websocket-1.0.34.tgz#2bdc2602c08bf2c82253b730655c0ef7dcab3111"
  integrity sha1-K9wmAsCL8sgiU7cwZVwO99yrMRE=
  dependencies:
    bufferutil "^4.0.1"
    debug "^2.2.0"
    es5-ext "^0.10.50"
    typedarray-to-buffer "^3.1.5"
    utf-8-validate "^5.0.2"
    yaeti "^0.0.6"

whatwg-url@^5.0.0:
  version "5.0.0"
  resolved "https://registry.npmjs.org/whatwg-url/-/whatwg-url-5.0.0.tgz#966454e8765462e37644d3626f6742ce8b70965d"
  integrity sha1-lmRU6HZUYuN2RNNib2dCzotwll0=
  dependencies:
    tr46 "~0.0.3"
    webidl-conversions "^3.0.0"

xxhashjs@^0.2.2:
  version "0.2.2"
  resolved "https://registry.nlark.com/xxhashjs/download/xxhashjs-0.2.2.tgz#8a6251567621a1c46a5ae204da0249c7f8caa9d8"
  integrity sha1-imJRVnYhocRqWuIE2gJJx/jKqdg=
  dependencies:
    cuint "^0.2.2"

yaeti@^0.0.6:
  version "0.0.6"
  resolved "https://registry.npm.taobao.org/yaeti/download/yaeti-0.0.6.tgz#f26f484d72684cf42bedfb76970aa1608fbf9577"
  integrity sha1-8m9ITXJoTPQr7ft2lwqhYI+/lXc=
