# THIS IS AN AUTOGENERATED FILE. DO NOT EDIT THIS FILE DIRECTLY.
# yarn lockfile v1


"@acala-network/type-definitions@3.0.2":
  version "3.0.2"
  resolved "https://registry.npmjs.org/@acala-network/type-definitions/-/type-definitions-3.0.2.tgz#97d35570944610fd3ef42f5c5126ca1a3b3ac9d5"
  integrity sha512-tEans3wKeG/ZdDDNIGrTFTi15kpGcHnE/AF3yJRDlGMp0RPdHCyGxeGcbbfk2elHsDZk4HC2dhYBvW7alGG6MA==
  dependencies:
    "@open-web3/orml-type-definitions" "^1.0.2-0"

"@babel/runtime@^7.16.3":
  version "7.16.3"
  resolved "https://registry.npmjs.org/@babel/runtime/-/runtime-7.16.3.tgz#b86f0db02a04187a3c17caa77de69840165d42d5"
  integrity sha512-WBwekcqacdY2e9AF/Q7WLFUWmdJGJTkbjqTjoMDgXkVZ3ZRUvOPsLb5KdwISoQVsbP+DQzVZW4Zhci0DvpbNTQ==
  dependencies:
    regenerator-runtime "^0.13.4"

"@babel/runtime@^7.16.5":
  version "7.16.5"
  resolved "https://registry.npmjs.org/@babel/runtime/-/runtime-7.16.5.tgz#7f3e34bf8bdbbadf03fbb7b1ea0d929569c9487a"
  integrity sha512-TXWihFIS3Pyv5hzR7j6ihmeLkZfrXGxAr5UfSl8CHf+6q/wpiYDkUau0czckpYG8QmnCIuPpdLtuA9VmuGGyMA==
  dependencies:
    regenerator-runtime "^0.13.4"

"@noble/hashes@^0.4.5":
  version "0.4.5"
  resolved "https://registry.npmjs.org/@noble/hashes/-/hashes-0.4.5.tgz#f69a963b0c59c1145bc5aca1f3eef58a48bf9a59"
  integrity sha512-oK/2b9gHb1CfiFwpPHQs010WgROn4ioilT7TFwxMVwuDaXEJP3QPhyedYbOpgM4JDBgT9n5gaispBQlkaAgT6g==

"@noble/secp256k1@^1.3.4":
  version "1.3.4"
  resolved "https://registry.npmjs.org/@noble/secp256k1/-/secp256k1-1.3.4.tgz#158ded712d09237c0d3428be60dc01ce8ebab9fb"
  integrity sha512-ZVRouDO5mbdCiDg4zCd3ZZABduRtpy4tCnB33Gh9upHe9tRzpiqbRSN1VTjrj/2g8u2c6MBi0YLNnNQpBYOiWg==

"@open-web3/orml-type-definitions@^1.0.2-0":
  version "1.0.2-2"
  resolved "https://registry.npmjs.org/@open-web3/orml-type-definitions/-/orml-type-definitions-1.0.2-2.tgz#f65dfc2a010f7e6b0fd90c8022df94502d394727"
  integrity sha512-XuCTFy4KZb3fTwLxRKU26W/KNqRmPupPV0QmPxK4IbraUDsg4KZ2FzuKFyLdctQcZHmJQu/eBuEamw6tfJykEQ==
  dependencies:
    lodash.merge "^4.6.2"

"@pinata/sdk@^1.1.23":
  version "1.1.23"
  resolved "https://registry.nlark.com/@pinata/sdk/download/@pinata/sdk-1.1.23.tgz#91d7e289a29f514ee35d8d2ad62f8ef891b57ea0"
  integrity sha1-kdfiiaKfUU7jXY0q1i+O+JG1fqA=
  dependencies:
    axios "^0.21.1"
    base-path-converter "^1.0.2"
    form-data "^2.3.3"
    is-ipfs "^0.6.0"
    recursive-fs "^1.1.2"

"@polkadot/api-augment@7.0.2":
  version "7.0.2"
  resolved "https://registry.npmjs.org/@polkadot/api-augment/-/api-augment-7.0.2.tgz#44a4e5f581d4543743d4a5403cdadd662575dfe0"
  integrity sha512-TeIp3j2BJvdJn+OVPiwzUTy7XNgltcYcEN5RnMNOVWiZdBOjB91E0gRhRIgBs5KB5DAGyvK6u/fCUPb9jqP9DQ==
  dependencies:
    "@babel/runtime" "^7.16.5"
    "@polkadot/api-base" "7.0.2"
    "@polkadot/rpc-augment" "7.0.2"
    "@polkadot/types" "7.0.2"
    "@polkadot/types-augment" "7.0.2"
    "@polkadot/types-codec" "7.0.2"
    "@polkadot/util" "^8.2.2"

"@polkadot/api-base@7.0.2":
  version "7.0.2"
  resolved "https://registry.npmjs.org/@polkadot/api-base/-/api-base-7.0.2.tgz#c30d4808daaa8f0943e7d094a92b165753c0d170"
  integrity sha512-5Y/JiMUd715Qknw7nZL3ZvYzwkzAntXKhFQqW8wmtxIjoJRrRlQJZbdUsc5SE3rPpl1w+7hy826Oa5KGwyLVuw==
  dependencies:
    "@babel/runtime" "^7.16.5"
    "@polkadot/rpc-core" "7.0.2"
    "@polkadot/types" "7.0.2"
    "@polkadot/util" "^8.2.2"
    rxjs "^7.4.0"

"@polkadot/api-derive@7.0.2":
  version "7.0.2"
  resolved "https://registry.npmjs.org/@polkadot/api-derive/-/api-derive-7.0.2.tgz#a7c300a9c4b00dd5b6f080a57f4523fa7d8548e9"
  integrity sha512-HmZOyn8Gu/EtE6pY7xgWnDRJx+cuPRWtm7R2oRrRuGpXUtFCyLFJiQ19VXJL0Sql3R1E+4W93DulKgiMc5UXKg==
  dependencies:
    "@babel/runtime" "^7.16.5"
    "@polkadot/api" "7.0.2"
    "@polkadot/api-base" "7.0.2"
    "@polkadot/rpc-core" "7.0.2"
    "@polkadot/types" "7.0.2"
    "@polkadot/types-codec" "7.0.2"
    "@polkadot/util" "^8.2.2"
    "@polkadot/util-crypto" "^8.2.2"
    rxjs "^7.4.0"

"@polkadot/api@7.0.2":
  version "7.0.2"
  resolved "https://registry.npmjs.org/@polkadot/api/-/api-7.0.2.tgz#57bbc246b75be6312652539b8c69b1b81f509060"
  integrity sha512-l42vCt8K9+y8wWra6pwq+4UckvD05RhwEwDbOZm1E4NoCNHIumjiKOXVH6NxwItWfN612qUmPFJwo2yagEZXcw==
  dependencies:
    "@babel/runtime" "^7.16.5"
    "@polkadot/api-augment" "7.0.2"
    "@polkadot/api-base" "7.0.2"
    "@polkadot/api-derive" "7.0.2"
    "@polkadot/keyring" "^8.2.2"
    "@polkadot/rpc-augment" "7.0.2"
    "@polkadot/rpc-core" "7.0.2"
    "@polkadot/rpc-provider" "7.0.2"
    "@polkadot/types" "7.0.2"
    "@polkadot/types-augment" "7.0.2"
    "@polkadot/types-codec" "7.0.2"
    "@polkadot/types-create" "7.0.2"
    "@polkadot/types-known" "7.0.2"
    "@polkadot/util" "^8.2.2"
    "@polkadot/util-crypto" "^8.2.2"
    eventemitter3 "^4.0.7"
    rxjs "^7.4.0"

"@polkadot/keyring@^8.2.2":
  version "8.2.2"
  resolved "https://registry.npmjs.org/@polkadot/keyring/-/keyring-8.2.2.tgz#7c5abaca88e8fa1a16c90be8fe74c1813c28997c"
  integrity sha512-GK8puQVtQJ67sVyq0WIWHPeRXfIcqz2ztgRHnGP4JEptS9NSFByQNq1EEpQnEUZwXu9CQfHz90eiLZc1BpC8lQ==
  dependencies:
    "@babel/runtime" "^7.16.5"
    "@polkadot/util" "8.2.2"
    "@polkadot/util-crypto" "8.2.2"

"@polkadot/networks@8.2.2", "@polkadot/networks@^8.2.2":
  version "8.2.2"
  resolved "https://registry.npmjs.org/@polkadot/networks/-/networks-8.2.2.tgz#75a0f4ffd13d790a0990cdb0ff0a251377104a46"
  integrity sha512-PshHrf5wBXib63l03YISnHMf5/fS1/Jv2rEN58EgYy9VK87HBXjT7qQ1Ea/d1cFI2EmfEDvhFsP+u3i6AlejQQ==
  dependencies:
    "@babel/runtime" "^7.16.5"

"@polkadot/rpc-augment@7.0.2":
  version "7.0.2"
  resolved "https://registry.npmjs.org/@polkadot/rpc-augment/-/rpc-augment-7.0.2.tgz#3b7bfd08ef2f3579a6e1018bd00b865a308662da"
  integrity sha512-YRHTdZ25iClJtpQ+QKyMbzhNPEsogdZGKDV8BbfA3cW9Z7kU79nFrX8LJmzR+a+E0G/2NQmdc2XOdSmRp87Vlw==
  dependencies:
    "@babel/runtime" "^7.16.5"
    "@polkadot/rpc-core" "7.0.2"
    "@polkadot/types" "7.0.2"
    "@polkadot/types-codec" "7.0.2"
    "@polkadot/util" "^8.2.2"

"@polkadot/rpc-core@7.0.2":
  version "7.0.2"
  resolved "https://registry.npmjs.org/@polkadot/rpc-core/-/rpc-core-7.0.2.tgz#d0cb0755777b57b2f8f496c07dcab292b2aa7933"
  integrity sha512-1iJKbCJYsmX2fn8+WPh+2AW8ouh7yjEXCb8bp6HMjZ50YZOimkLaoSrHbB8XTMz9K/hsYRba5w+AfIQ7bmIfnA==
  dependencies:
    "@babel/runtime" "^7.16.5"
    "@polkadot/rpc-augment" "7.0.2"
    "@polkadot/rpc-provider" "7.0.2"
    "@polkadot/types" "7.0.2"
    "@polkadot/util" "^8.2.2"
    rxjs "^7.4.0"

"@polkadot/rpc-provider@7.0.2":
  version "7.0.2"
  resolved "https://registry.npmjs.org/@polkadot/rpc-provider/-/rpc-provider-7.0.2.tgz#f38b1e16b37c6aabd61959b1f2a6bd356fbbf7bd"
  integrity sha512-/RPX0D9baDRDkYxygdmsTmimBmInithGPM5CfAQ7o3pfOS2AfgxxBAw6rpcR/JRbKrn8V/Zl8/oD8Ehdob6DBA==
  dependencies:
    "@babel/runtime" "^7.16.5"
    "@polkadot/keyring" "^8.2.2"
    "@polkadot/types" "7.0.2"
    "@polkadot/types-support" "7.0.2"
    "@polkadot/util" "^8.2.2"
    "@polkadot/util-crypto" "^8.2.2"
    "@polkadot/x-fetch" "^8.2.2"
    "@polkadot/x-global" "^8.2.2"
    "@polkadot/x-ws" "^8.2.2"
    eventemitter3 "^4.0.7"
    mock-socket "^9.0.8"
    nock "^13.2.1"

"@polkadot/types-augment@7.0.2":
  version "7.0.2"
  resolved "https://registry.npmjs.org/@polkadot/types-augment/-/types-augment-7.0.2.tgz#06753a0a79acbeda1f9f0530f2e2b1f1c35203c9"
  integrity sha512-z+UnrHh3jA730ICOnsZKiToB+zPncDnjgIRo8qrrfF1zUUgTCWZ0tpYZlEfLVc6jpUaVJ80ZEgFerJyxAirpGg==
  dependencies:
    "@babel/runtime" "^7.16.5"
    "@polkadot/types" "7.0.2"
    "@polkadot/types-codec" "7.0.2"
    "@polkadot/util" "^8.2.2"

"@polkadot/types-codec@7.0.2":
  version "7.0.2"
  resolved "https://registry.npmjs.org/@polkadot/types-codec/-/types-codec-7.0.2.tgz#11efb9ecca3ff5394fe9f82dcc4b60562c1056f0"
  integrity sha512-6yoGj/4x7dZnWXLBlFVQa8npqJd1ILxb+LIfW/zhFc4BD9Bi7u4KFLg34otmOtYmM4slktsHxHSTKiI9EGXpQg==
  dependencies:
    "@babel/runtime" "^7.16.5"
    "@polkadot/util" "^8.2.2"

"@polkadot/types-create@7.0.2":
  version "7.0.2"
  resolved "https://registry.npmjs.org/@polkadot/types-create/-/types-create-7.0.2.tgz#2ae972f39a4f675827ba503ad82ab6257422150b"
  integrity sha512-0ba0LhfuEnN6YJGazGqI1w4UoeO6BiDGdxuXiqVBL+3wS3e4cYGTYeDhcXNoClpkNs/swiqpfefh6O2cut1uYQ==
  dependencies:
    "@babel/runtime" "^7.16.5"
    "@polkadot/types-codec" "7.0.2"
    "@polkadot/util" "^8.2.2"

"@polkadot/types-known@7.0.2":
  version "7.0.2"
  resolved "https://registry.npmjs.org/@polkadot/types-known/-/types-known-7.0.2.tgz#b3bc663b0c0ad63160c86ce18fda0d921feb0ab6"
  integrity sha512-hte0WqNyipiBCpaXbkAyXJN9616hQRE3rvn3BxK1wNiMrUtI4H4BRp5odIEElfeHivsJmNWDf8vr9WjRWD5poQ==
  dependencies:
    "@babel/runtime" "^7.16.5"
    "@polkadot/networks" "^8.2.2"
    "@polkadot/types" "7.0.2"
    "@polkadot/types-codec" "7.0.2"
    "@polkadot/types-create" "7.0.2"
    "@polkadot/util" "^8.2.2"

"@polkadot/types-support@7.0.2":
  version "7.0.2"
  resolved "https://registry.npmjs.org/@polkadot/types-support/-/types-support-7.0.2.tgz#8477cc32e692e739f1c378d4f82225884463b3d0"
  integrity sha512-48bkV7yYG+oVS/vqcZFiWpbE8HCCNTnrGg8Dp1IjBZBEVOSNE9hportEgXyO7aYmZjfghM8Sn+PjFbwlX7+VdA==
  dependencies:
    "@babel/runtime" "^7.16.5"
    "@polkadot/util" "^8.2.2"

"@polkadot/types@7.0.2":
  version "7.0.2"
  resolved "https://registry.npmjs.org/@polkadot/types/-/types-7.0.2.tgz#389e59e4d5934d50fbbb7ef9ed32157794b4ade6"
  integrity sha512-rvilFS/nBy45WuZb9SisuqPZh1Bkp+s2XLlGGwCV7g0QphKywQUksY0NmnoJvK3BKdzgVphwJ0kzYPHCOkzUfA==
  dependencies:
    "@babel/runtime" "^7.16.5"
    "@polkadot/keyring" "^8.2.2"
    "@polkadot/types-augment" "7.0.2"
    "@polkadot/types-codec" "7.0.2"
    "@polkadot/types-create" "7.0.2"
    "@polkadot/util" "^8.2.2"
    "@polkadot/util-crypto" "^8.2.2"
    rxjs "^7.4.0"

"@polkadot/util-crypto@8.2.2", "@polkadot/util-crypto@^8.2.2":
  version "8.2.2"
  resolved "https://registry.npmjs.org/@polkadot/util-crypto/-/util-crypto-8.2.2.tgz#ccc5e5abec2431622dd5a2a885286633c2deb371"
  integrity sha512-bKFE6j1q2Dnz1o1QFvhX2QzkMLi9QHU4a5T7+El5J7OsOxGqssMAVHAmB+YoAuSLqPSQBmZa9CN23IiuJnfsbw==
  dependencies:
    "@babel/runtime" "^7.16.5"
    "@noble/hashes" "^0.4.5"
    "@noble/secp256k1" "^1.3.4"
    "@polkadot/networks" "8.2.2"
    "@polkadot/util" "8.2.2"
    "@polkadot/wasm-crypto" "^4.5.1"
    "@polkadot/x-bigint" "8.2.2"
    "@polkadot/x-randomvalues" "8.2.2"
    ed2curve "^0.3.0"
    micro-base "^0.10.0"
    tweetnacl "^1.0.3"

"@polkadot/util@8.2.2", "@polkadot/util@^8.2.2":
  version "8.2.2"
  resolved "https://registry.npmjs.org/@polkadot/util/-/util-8.2.2.tgz#e3b30b90ade18032a28ac237dfa939adce43f2f4"
  integrity sha512-tiHe0rcQvofd3vUVCRmvfULAv9yBG7s/huv1ZLVY/JGT1JBDonc1HWU3Vdb5MvWpx2R+HHv19ORHyD/LiROE9A==
  dependencies:
    "@babel/runtime" "^7.16.5"
    "@polkadot/x-bigint" "8.2.2"
    "@polkadot/x-global" "8.2.2"
    "@polkadot/x-textdecoder" "8.2.2"
    "@polkadot/x-textencoder" "8.2.2"
    "@types/bn.js" "^4.11.6"
    bn.js "^4.12.0"
    ip-regex "^4.3.0"

"@polkadot/wasm-crypto-asmjs@^4.5.1":
  version "4.5.1"
  resolved "https://registry.npmjs.org/@polkadot/wasm-crypto-asmjs/-/wasm-crypto-asmjs-4.5.1.tgz#e1025a49e106db11d1187caf65f56c960ea2ad2b"
  integrity sha512-DOdRiWhxVvmqTvp+E9z1j+Yr0zDOGsDvqnT/eNw0Dl1FVUOImsEa7FKns/urASmcxCVEE1jtUWSnij29jrORMQ==
  dependencies:
    "@babel/runtime" "^7.16.3"

"@polkadot/wasm-crypto-wasm@^4.5.1":
  version "4.5.1"
  resolved "https://registry.npmjs.org/@polkadot/wasm-crypto-wasm/-/wasm-crypto-wasm-4.5.1.tgz#063a58ff7ddd939b7886a6a238109a8d2c416e46"
  integrity sha512-hPwke85HxpgG/RAlwdCE8u5w7bThvWg399mlB+XjogXMxOUWBZSgq2XYbgzROUXx27inK9nStF4Pnc4zJnqs9A==
  dependencies:
    "@babel/runtime" "^7.16.3"

"@polkadot/wasm-crypto@^4.5.1":
  version "4.5.1"
  resolved "https://registry.npmjs.org/@polkadot/wasm-crypto/-/wasm-crypto-4.5.1.tgz#e1ac6d846a0ad8e991cec128994524183ef6e8fd"
  integrity sha512-Cr21ais3Kq3aedIHZ3J1tjgeD/+K8FCiwEawr0oRywNBSJR8wyuZMePs4swR/6xm8wbBkpqoBVHz/UQHqqQJmA==
  dependencies:
    "@babel/runtime" "^7.16.3"
    "@polkadot/wasm-crypto-asmjs" "^4.5.1"
    "@polkadot/wasm-crypto-wasm" "^4.5.1"

"@polkadot/x-bigint@8.2.2":
  version "8.2.2"
  resolved "https://registry.npmjs.org/@polkadot/x-bigint/-/x-bigint-8.2.2.tgz#24f4e1b889a1ee899ac9c98fee526e44e2130c14"
  integrity sha512-fX3o3FhfQNxdpA5PV4L9PrjjSKG2ZmfFOfv3TrKwsDNtZMktDDcpmW3up53LJ53FszB/WHH6WwKsehmcqAYDIw==
  dependencies:
    "@babel/runtime" "^7.16.5"
    "@polkadot/x-global" "8.2.2"

"@polkadot/x-fetch@^8.2.2":
  version "8.2.2"
  resolved "https://registry.npmjs.org/@polkadot/x-fetch/-/x-fetch-8.2.2.tgz#33cf2993fe93b9013302a8fdd328295a9eb8a3ae"
  integrity sha512-ou8d1Ccf7lt7mssr64ixXYIWOZ4I4ED5sYBeFZg7BJB+MsZnuDOVvuMlItQWh01phMCOxtHWowmh+gOI4w5IWA==
  dependencies:
    "@babel/runtime" "^7.16.5"
    "@polkadot/x-global" "8.2.2"
    "@types/node-fetch" "^2.5.12"
    node-fetch "^2.6.6"

"@polkadot/x-global@8.2.2", "@polkadot/x-global@^8.2.2":
  version "8.2.2"
  resolved "https://registry.npmjs.org/@polkadot/x-global/-/x-global-8.2.2.tgz#0640ba4b52df445d50b0ae1aab08327a3dd2f08f"
  integrity sha512-eTJ6edgoIKzjfdYN3Y6ZuJUGRAAc8Uc5X8r4/1QmhOy427QbfRKRL/cbcLat1XbyM52aplOvZf31KXTAkMREdQ==
  dependencies:
    "@babel/runtime" "^7.16.5"

"@polkadot/x-randomvalues@8.2.2":
  version "8.2.2"
  resolved "https://registry.npmjs.org/@polkadot/x-randomvalues/-/x-randomvalues-8.2.2.tgz#32eb424a642c19c8d7ce3be8713061a1a0003efd"
  integrity sha512-v3dx0xvWHd5t6e41Fte63WFX/t1Fu9ug3tOr/QE6yMFrDSeDW9TzFJKklakc0tXryqW0cL4qZzUdSvguGC2TPA==
  dependencies:
    "@babel/runtime" "^7.16.5"
    "@polkadot/x-global" "8.2.2"

"@polkadot/x-textdecoder@8.2.2":
  version "8.2.2"
  resolved "https://registry.npmjs.org/@polkadot/x-textdecoder/-/x-textdecoder-8.2.2.tgz#e6b161ff3d1f8e55aac2de1bc855d1d2d482d6e3"
  integrity sha512-HQ/pSl4FREnxK0V7nvEdTwI08Erh6KPLwHZ0rSfUJKVDZ+NwfeW4BW/8xCEJOQIRB948Dqerl0XjEn4xCA+OPg==
  dependencies:
    "@babel/runtime" "^7.16.5"
    "@polkadot/x-global" "8.2.2"

"@polkadot/x-textencoder@8.2.2":
  version "8.2.2"
  resolved "https://registry.npmjs.org/@polkadot/x-textencoder/-/x-textencoder-8.2.2.tgz#b18c9360d7b311619cf91df4c2af67f0824498a4"
  integrity sha512-ZAOwYi/y1wRYb3WoWZMDfYPrmbPSasog2uknt8p9u2WELrrfj4zF/fRnSuMjLUNtvJuKSzj4LUCKHwTY+peSrQ==
  dependencies:
    "@babel/runtime" "^7.16.5"
    "@polkadot/x-global" "8.2.2"

"@polkadot/x-ws@^8.2.2":
  version "8.2.2"
  resolved "https://registry.npmjs.org/@polkadot/x-ws/-/x-ws-8.2.2.tgz#c05b21a433ce22ecee61383630fc9acd03dd3312"
  integrity sha512-qsHzmtoFXIN59qKSkycxQ3GGyzUMlvhl+d7yU1NMaoOudJGfniTbIcDFPtee27Ydamb1DwBvkRbKw5IO8Domdg==
  dependencies:
    "@babel/runtime" "^7.16.5"
    "@polkadot/x-global" "8.2.2"
    "@types/websocket" "^1.0.4"
    websocket "^1.0.34"

"@types/bn.js@^4.11.6":
  version "4.11.6"
  resolved "https://registry.nlark.com/@types/bn.js/download/@types/bn.js-4.11.6.tgz#c306c70d9358aaea33cd4eda092a742b9505967c"
  integrity sha1-wwbHDZNYquozzU7aCSp0K5UFlnw=
  dependencies:
    "@types/node" "*"

"@types/node-fetch@^2.5.12":
  version "2.5.12"
  resolved "https://registry.nlark.com/@types/node-fetch/download/@types/node-fetch-2.5.12.tgz?cache=0&sync_timestamp=1626990626436&other_urls=https%3A%2F%2Fregistry.nlark.com%2F%40types%2Fnode-fetch%2Fdownload%2F%40types%2Fnode-fetch-2.5.12.tgz#8a6f779b1d4e60b7a57fb6fd48d84fb545b9cc66"
  integrity sha1-im93mx1OYLelf7b9SNhPtUW5zGY=
  dependencies:
    "@types/node" "*"
    form-data "^3.0.0"

"@types/node@*":
  version "15.12.2"
  resolved "https://registry.nlark.com/@types/node/download/@types/node-15.12.2.tgz#1f2b42c4be7156ff4a6f914b2fb03d05fa84e38d"
  integrity sha1-HytCxL5xVv9Kb5FLL7A9BfqE440=

"@types/websocket@^1.0.4":
  version "1.0.4"
  resolved "https://registry.nlark.com/@types/websocket/download/@types/websocket-1.0.4.tgz#1dc497280d8049a5450854dd698ee7e6ea9e60b8"
  integrity sha1-HcSXKA2ASaVFCFTdaY7n5uqeYLg=
  dependencies:
    "@types/node" "*"

asynckit@^0.4.0:
  version "0.4.0"
  resolved "https://registry.npm.taobao.org/asynckit/download/asynckit-0.4.0.tgz#c79ed97f7f34cb8f2ba1bc9790bcc366474b4b79"
  integrity sha1-x57Zf380y48robyXkLzDZkdLS3k=

axios@^0.21.1:
  version "0.21.1"
  resolved "https://registry.npm.taobao.org/axios/download/axios-0.21.1.tgz?cache=0&sync_timestamp=1608609324963&other_urls=https%3A%2F%2Fregistry.npm.taobao.org%2Faxios%2Fdownload%2Faxios-0.21.1.tgz#22563481962f4d6bde9a76d516ef0e5d3c09b2b8"
  integrity sha1-IlY0gZYvTWvemnbVFu8OXTwJsrg=
  dependencies:
    follow-redirects "^1.10.0"

base-path-converter@^1.0.2:
  version "1.0.2"
  resolved "https://registry.nlark.com/base-path-converter/download/base-path-converter-1.0.2.tgz#e80b4b4f31c7b1561e632158e00774b6f2f27978"
  integrity sha1-6AtLTzHHsVYeYyFY4Ad0tvLyeXg=

base-x@^3.0.2, base-x@^3.0.8:
  version "3.0.8"
  resolved "https://registry.npm.taobao.org/base-x/download/base-x-3.0.8.tgz#1e1106c2537f0162e8b52474a557ebb09000018d"
  integrity sha1-HhEGwlN/AWLotSR0pVfrsJAAAY0=
  dependencies:
    safe-buffer "^5.0.1"

base64-js@^1.3.1:
  version "1.5.1"
  resolved "https://registry.nlark.com/base64-js/download/base64-js-1.5.1.tgz#1b1b440160a5bf7ad40b650f095963481903930a"
  integrity sha1-GxtEAWClv3rUC2UPCVljSBkDkwo=

bn.js@^4.12.0:
  version "4.12.0"
  resolved "https://registry.npm.taobao.org/bn.js/download/bn.js-4.12.0.tgz#775b3f278efbb9718eec7361f483fb36fbbfea88"
  integrity sha1-d1s/J477uXGO7HNh9IP7Nvu/6og=

bs58@^4.0.1:
  version "4.0.1"
  resolved "https://registry.nlark.com/bs58/download/bs58-4.0.1.tgz#be161e76c354f6f788ae4071f63f34e8c4f0a42a"
  integrity sha1-vhYedsNU9veIrkBx9j806MTwpCo=
  dependencies:
    base-x "^3.0.2"

buffer@^5.5.0, buffer@^5.6.0:
  version "5.7.1"
  resolved "https://registry.nlark.com/buffer/download/buffer-5.7.1.tgz?cache=0&sync_timestamp=1618846959596&other_urls=https%3A%2F%2Fregistry.nlark.com%2Fbuffer%2Fdownload%2Fbuffer-5.7.1.tgz#ba62e7c13133053582197160851a8f648e99eed0"
  integrity sha1-umLnwTEzBTWCGXFghRqPZI6Z7tA=
  dependencies:
    base64-js "^1.3.1"
    ieee754 "^1.1.13"

bufferutil@^4.0.1:
  version "4.0.3"
  resolved "https://registry.npm.taobao.org/bufferutil/download/bufferutil-4.0.3.tgz?cache=0&sync_timestamp=1609618802475&other_urls=https%3A%2F%2Fregistry.npm.taobao.org%2Fbufferutil%2Fdownload%2Fbufferutil-4.0.3.tgz#66724b756bed23cd7c28c4d306d7994f9943cc6b"
  integrity sha1-ZnJLdWvtI818KMTTBteZT5lDzGs=
  dependencies:
    node-gyp-build "^4.2.0"

cids@~0.7.0:
  version "0.7.5"
  resolved "https://registry.nlark.com/cids/download/cids-0.7.5.tgz#60a08138a99bfb69b6be4ceb63bfef7a396b28b2"
  integrity sha1-YKCBOKmb+2m2vkzrY7/vejlrKLI=
  dependencies:
    buffer "^5.5.0"
    class-is "^1.1.0"
    multibase "~0.6.0"
    multicodec "^1.0.0"
    multihashes "~0.4.15"

cids@~0.8.0:
  version "0.8.3"
  resolved "https://registry.nlark.com/cids/download/cids-0.8.3.tgz#aaf48ac8ed857c3d37dad94d8db1d8c9407b92db"
  integrity sha1-qvSKyO2FfD032tlNjbHYyUB7kts=
  dependencies:
    buffer "^5.6.0"
    class-is "^1.1.0"
    multibase "^1.0.0"
    multicodec "^1.0.1"
    multihashes "^1.0.1"

class-is@^1.1.0:
  version "1.1.0"
  resolved "https://registry.npm.taobao.org/class-is/download/class-is-1.1.0.tgz#9d3c0fba0440d211d843cec3dedfa48055005825"
  integrity sha1-nTwPugRA0hHYQ87D3t+kgFUAWCU=

combined-stream@^1.0.6, combined-stream@^1.0.8:
  version "1.0.8"
  resolved "https://registry.nlark.com/combined-stream/download/combined-stream-1.0.8.tgz#c3d45a8b34fd730631a110a8a2520682b31d5a7f"
  integrity sha1-w9RaizT9cwYxoRCoolIGgrMdWn8=
  dependencies:
    delayed-stream "~1.0.0"

d@1, d@^1.0.1:
  version "1.0.1"
  resolved "https://registry.npm.taobao.org/d/download/d-1.0.1.tgz#8698095372d58dbee346ffd0c7093f99f8f9eb5a"
  integrity sha1-hpgJU3LVjb7jRv/Qxwk/mfj561o=
  dependencies:
    es5-ext "^0.10.50"
    type "^1.0.1"

debug@^2.2.0:
  version "2.6.9"
  resolved "https://registry.npm.taobao.org/debug/download/debug-2.6.9.tgz?cache=0&sync_timestamp=1614330710870&other_urls=https%3A%2F%2Fregistry.npm.taobao.org%2Fdebug%2Fdownload%2Fdebug-2.6.9.tgz#5d128515df134ff327e90a4c93f4e077a536341f"
  integrity sha1-XRKFFd8TT/Mn6QpMk/Tgd6U2NB8=
  dependencies:
    ms "2.0.0"

debug@^4.1.0:
  version "4.3.3"
  resolved "https://registry.npmjs.org/debug/-/debug-4.3.3.tgz#04266e0b70a98d4462e6e288e38259213332b664"
  integrity sha512-/zxw5+vh1Tfv+4Qn7a5nsbcJKPaSvCDhojn6FEl9vupwK2VCSDtEiEtqr8DFtzYFOdz63LBkxec7DYuc2jon6Q==
  dependencies:
    ms "2.1.2"

delayed-stream@~1.0.0:
  version "1.0.0"
  resolved "https://registry.nlark.com/delayed-stream/download/delayed-stream-1.0.0.tgz#df3ae199acadfb7d440aaae0b29e2272b24ec619"
  integrity sha1-3zrhmayt+31ECqrgsp4icrJOxhk=

dotenv@^10.0.0:
  version "10.0.0"
  resolved "https://registry.nlark.com/dotenv/download/dotenv-10.0.0.tgz#3d4227b8fb95f81096cdd2b66653fb2c7085ba81"
  integrity sha1-PUInuPuV+BCWzdK2ZlP7LHCFuoE=

ed2curve@^0.3.0:
  version "0.3.0"
  resolved "https://registry.npm.taobao.org/ed2curve/download/ed2curve-0.3.0.tgz#322b575152a45305429d546b071823a93129a05d"
  integrity sha1-MitXUVKkUwVCnVRrBxgjqTEpoF0=
  dependencies:
    tweetnacl "1.x.x"

es5-ext@^0.10.35, es5-ext@^0.10.50:
  version "0.10.53"
  resolved "https://registry.npm.taobao.org/es5-ext/download/es5-ext-0.10.53.tgz#93c5a3acfdbef275220ad72644ad02ee18368de1"
  integrity sha1-k8WjrP2+8nUiCtcmRK0C7hg2jeE=
  dependencies:
    es6-iterator "~2.0.3"
    es6-symbol "~3.1.3"
    next-tick "~1.0.0"

es6-iterator@~2.0.3:
  version "2.0.3"
  resolved "https://registry.nlark.com/es6-iterator/download/es6-iterator-2.0.3.tgz#a7de889141a05a94b0854403b2d0a0fbfa98f3b7"
  integrity sha1-p96IkUGgWpSwhUQDstCg+/qY87c=
  dependencies:
    d "1"
    es5-ext "^0.10.35"
    es6-symbol "^3.1.1"

es6-symbol@^3.1.1, es6-symbol@~3.1.3:
  version "3.1.3"
  resolved "https://registry.npm.taobao.org/es6-symbol/download/es6-symbol-3.1.3.tgz#bad5d3c1bcdac28269f4cb331e431c78ac705d18"
  integrity sha1-utXTwbzawoJp9MszHkMceKxwXRg=
  dependencies:
    d "^1.0.1"
    ext "^1.1.2"

eventemitter3@^4.0.7:
  version "4.0.7"
  resolved "https://registry.npm.taobao.org/eventemitter3/download/eventemitter3-4.0.7.tgz?cache=0&sync_timestamp=1598517819668&other_urls=https%3A%2F%2Fregistry.npm.taobao.org%2Feventemitter3%2Fdownload%2Feventemitter3-4.0.7.tgz#2de9b68f6528d5644ef5c59526a1b4a07306169f"
  integrity sha1-Lem2j2Uo1WRO9cWVJqG0oHMGFp8=

ext@^1.1.2:
  version "1.4.0"
  resolved "https://registry.npm.taobao.org/ext/download/ext-1.4.0.tgz#89ae7a07158f79d35517882904324077e4379244"
  integrity sha1-ia56BxWPedNVF4gpBDJAd+Q3kkQ=
  dependencies:
    type "^2.0.0"

follow-redirects@^1.10.0:
  version "1.14.1"
  resolved "https://registry.nlark.com/follow-redirects/download/follow-redirects-1.14.1.tgz#d9114ded0a1cfdd334e164e6662ad02bfd91ff43"
  integrity sha1-2RFN7Qoc/dM04WTmZirQK/2R/0M=

form-data@^2.3.3:
  version "2.5.1"
  resolved "https://registry.nlark.com/form-data/download/form-data-2.5.1.tgz#f2cbec57b5e59e23716e128fe44d4e5dd23895f4"
  integrity sha1-8svsV7XlniNxbhKP5E1OXdI4lfQ=
  dependencies:
    asynckit "^0.4.0"
    combined-stream "^1.0.6"
    mime-types "^2.1.12"

form-data@^3.0.0:
  version "3.0.1"
  resolved "https://registry.nlark.com/form-data/download/form-data-3.0.1.tgz#ebd53791b78356a99af9a300d4282c4d5eb9755f"
  integrity sha1-69U3kbeDVqma+aMA1CgsTV65dV8=
  dependencies:
    asynckit "^0.4.0"
    combined-stream "^1.0.8"
    mime-types "^2.1.12"

ieee754@^1.1.13:
  version "1.2.1"
  resolved "https://registry.nlark.com/ieee754/download/ieee754-1.2.1.tgz#8eb7a10a63fff25d15a57b001586d177d1b0d352"
  integrity sha1-jrehCmP/8l0VpXsAFYbRd9Gw01I=

ip-regex@^4.0.0, ip-regex@^4.3.0:
  version "4.3.0"
  resolved "https://registry.nlark.com/ip-regex/download/ip-regex-4.3.0.tgz?cache=0&sync_timestamp=1618846943469&other_urls=https%3A%2F%2Fregistry.nlark.com%2Fip-regex%2Fdownload%2Fip-regex-4.3.0.tgz#687275ab0f57fa76978ff8f4dddc8a23d5990db5"
  integrity sha1-aHJ1qw9X+naXj/j03dyKI9WZDbU=

is-ip@^3.1.0:
  version "3.1.0"
  resolved "https://registry.npm.taobao.org/is-ip/download/is-ip-3.1.0.tgz#2ae5ddfafaf05cb8008a62093cf29734f657c5d8"
  integrity sha1-KuXd+vrwXLgAimIJPPKXNPZXxdg=
  dependencies:
    ip-regex "^4.0.0"

is-ipfs@^0.6.0:
  version "0.6.3"
  resolved "https://registry.nlark.com/is-ipfs/download/is-ipfs-0.6.3.tgz#82a5350e0a42d01441c40b369f8791e91404c497"
  integrity sha1-gqU1DgpC0BRBxAs2n4eR6RQExJc=
  dependencies:
    bs58 "^4.0.1"
    cids "~0.7.0"
    mafmt "^7.0.0"
    multiaddr "^7.2.1"
    multibase "~0.6.0"
    multihashes "~0.4.13"

is-typedarray@^1.0.0:
  version "1.0.0"
  resolved "https://registry.npm.taobao.org/is-typedarray/download/is-typedarray-1.0.0.tgz#e479c80858df0c1b11ddda6940f96011fcda4a9a"
  integrity sha1-5HnICFjfDBsR3dppQPlgEfzaSpo=

json-stringify-safe@^5.0.1:
  version "5.0.1"
  resolved "https://registry.npmjs.org/json-stringify-safe/-/json-stringify-safe-5.0.1.tgz#1296a2d58fd45f19a0f6ce01d65701e2c735b6eb"
  integrity sha1-Epai1Y/UXxmg9s4B1lcB4sc1tus=

lodash.merge@^4.6.2:
  version "4.6.2"
  resolved "https://registry.npm.taobao.org/lodash.merge/download/lodash.merge-4.6.2.tgz#558aa53b43b661e1925a0afdfa36a9a1085fe57a"
  integrity sha1-VYqlO0O2YeGSWgr9+japoQhf5Xo=

lodash.set@^4.3.2:
  version "4.3.2"
  resolved "https://registry.npmjs.org/lodash.set/-/lodash.set-4.3.2.tgz#d8757b1da807dde24816b0d6a84bea1a76230b23"
  integrity sha1-2HV7HagH3eJIFrDWqEvqGnYjCyM=

mafmt@^7.0.0:
  version "7.1.0"
  resolved "https://registry.npm.taobao.org/mafmt/download/mafmt-7.1.0.tgz#4126f6d0eded070ace7dbbb6fb04977412d380b5"
  integrity sha1-QSb20O3tBwrOfbu2+wSXdBLTgLU=
  dependencies:
    multiaddr "^7.3.0"

micro-base@^0.10.0:
  version "0.10.0"
  resolved "https://registry.npmjs.org/micro-base/-/micro-base-0.10.0.tgz#2a324c7836920b2cbca674f46d0644b7e56e4012"
  integrity sha512-huKVznyEDZVO7pcYoVZMBR6prkxzkJSTT96T2tyHY1Wk3Sywcpb7NwxHAwKf/fmfqsdFuY2rDRR3UYkY6Uh9LQ==

mime-db@1.48.0:
  version "1.48.0"
  resolved "https://registry.nlark.com/mime-db/download/mime-db-1.48.0.tgz?cache=0&sync_timestamp=1622433556078&other_urls=https%3A%2F%2Fregistry.nlark.com%2Fmime-db%2Fdownload%2Fmime-db-1.48.0.tgz#e35b31045dd7eada3aaad537ed88a33afbef2d1d"
  integrity sha1-41sxBF3X6to6qtU37YijOvvvLR0=

mime-types@^2.1.12:
  version "2.1.31"
  resolved "https://registry.nlark.com/mime-types/download/mime-types-2.1.31.tgz?cache=0&sync_timestamp=1622569304088&other_urls=https%3A%2F%2Fregistry.nlark.com%2Fmime-types%2Fdownload%2Fmime-types-2.1.31.tgz#a00d76b74317c61f9c2db2218b8e9f8e9c5c9e6b"
  integrity sha1-oA12t0MXxh+cLbIhi46fjpxcnms=
  dependencies:
    mime-db "1.48.0"

mock-socket@^9.0.8:
  version "9.0.8"
  resolved "https://registry.npmjs.org/mock-socket/-/mock-socket-9.0.8.tgz#af1486e5ebf6eed36843ad54bc2fba793fcd0666"
  integrity sha512-8Syqkaaa2SzRqW68DEsnZkKQicHP7hVzfj3uCvigB5TL79H1ljKbwmOcRIENkx0ZTyu/5W6u+Pk9Qy6JCp38Ww==

ms@2.0.0:
  version "2.0.0"
  resolved "https://registry.npm.taobao.org/ms/download/ms-2.0.0.tgz?cache=0&sync_timestamp=1607433899126&other_urls=https%3A%2F%2Fregistry.npm.taobao.org%2Fms%2Fdownload%2Fms-2.0.0.tgz#5608aeadfc00be6c2901df5f9861788de0d597c8"
  integrity sha1-VgiurfwAvmwpAd9fmGF4jeDVl8g=

ms@2.1.2:
  version "2.1.2"
  resolved "https://registry.npmjs.org/ms/-/ms-2.1.2.tgz#d09d1f357b443f493382a8eb3ccd183872ae6009"
  integrity sha512-sGkPx+VjMtmA6MX27oA4FBFELFCZZ4S4XqeGOXCv68tT+jb3vk/RyaKWP0PTKyWtmLSM0b+adUTEvbs1PEaH2w==

multiaddr@^7.2.1, multiaddr@^7.3.0:
  version "7.5.0"
  resolved "https://registry.npm.taobao.org/multiaddr/download/multiaddr-7.5.0.tgz#976c88e256e512263445ab03b3b68c003d5f485e"
  integrity sha1-l2yI4lblEiY0RasDs7aMAD1fSF4=
  dependencies:
    buffer "^5.5.0"
    cids "~0.8.0"
    class-is "^1.1.0"
    is-ip "^3.1.0"
    multibase "^0.7.0"
    varint "^5.0.0"

multibase@^0.7.0:
  version "0.7.0"
  resolved "https://registry.npm.taobao.org/multibase/download/multibase-0.7.0.tgz#1adfc1c50abe05eefeb5091ac0c2728d6b84581b"
  integrity sha1-Gt/BxQq+Be7+tQkawMJyjWuEWBs=
  dependencies:
    base-x "^3.0.8"
    buffer "^5.5.0"

multibase@^1.0.0, multibase@^1.0.1:
  version "1.0.1"
  resolved "https://registry.npm.taobao.org/multibase/download/multibase-1.0.1.tgz#4adbe1de0be8a1ab0274328b653c3f1903476724"
  integrity sha1-Stvh3gvooasCdDKLZTw/GQNHZyQ=
  dependencies:
    base-x "^3.0.8"
    buffer "^5.5.0"

multibase@~0.6.0:
  version "0.6.1"
  resolved "https://registry.npm.taobao.org/multibase/download/multibase-0.6.1.tgz#b76df6298536cc17b9f6a6db53ec88f85f8cc12b"
  integrity sha1-t232KYU2zBe59qbbU+yI+F+MwSs=
  dependencies:
    base-x "^3.0.8"
    buffer "^5.5.0"

multicodec@^1.0.0, multicodec@^1.0.1:
  version "1.0.4"
  resolved "https://registry.npm.taobao.org/multicodec/download/multicodec-1.0.4.tgz#46ac064657c40380c28367c90304d8ed175a714f"
  integrity sha1-RqwGRlfEA4DCg2fJAwTY7RdacU8=
  dependencies:
    buffer "^5.6.0"
    varint "^5.0.0"

multihashes@^1.0.1:
  version "1.0.1"
  resolved "https://registry.npm.taobao.org/multihashes/download/multihashes-1.0.1.tgz#a89415d68283cf6287c6e219e304e75ce7fb73fe"
  integrity sha1-qJQV1oKDz2KHxuIZ4wTnXOf7c/4=
  dependencies:
    buffer "^5.6.0"
    multibase "^1.0.1"
    varint "^5.0.0"

multihashes@~0.4.13, multihashes@~0.4.15:
  version "0.4.21"
  resolved "https://registry.npm.taobao.org/multihashes/download/multihashes-0.4.21.tgz#dc02d525579f334a7909ade8a122dabb58ccfcb5"
  integrity sha1-3ALVJVefM0p5Ca3ooSLau1jM/LU=
  dependencies:
    buffer "^5.5.0"
    multibase "^0.7.0"
    varint "^5.0.0"

next-tick@~1.0.0:
  version "1.0.0"
  resolved "https://registry.npm.taobao.org/next-tick/download/next-tick-1.0.0.tgz#ca86d1fe8828169b0120208e3dc8424b9db8342c"
  integrity sha1-yobR/ogoFpsBICCOPchCS524NCw=

nock@^13.2.1:
  version "13.2.1"
  resolved "https://registry.npmjs.org/nock/-/nock-13.2.1.tgz#fcf5bdb9bb9f0554a84c25d3333166c0ffd80858"
  integrity sha512-CoHAabbqq/xZEknubuyQMjq6Lfi5b7RtK6SoNK6m40lebGp3yiMagWtIoYaw2s9sISD7wPuCfwFpivVHX/35RA==
  dependencies:
    debug "^4.1.0"
    json-stringify-safe "^5.0.1"
    lodash.set "^4.3.2"
    propagate "^2.0.0"

node-fetch@^2.6.6:
  version "2.6.6"
  resolved "https://registry.npmjs.org/node-fetch/-/node-fetch-2.6.6.tgz#1751a7c01834e8e1697758732e9efb6eeadfaf89"
  integrity sha512-Z8/6vRlTUChSdIgMa51jxQ4lrw/Jy5SOW10ObaA47/RElsAN2c5Pn8bTgFGWn/ibwzXTE8qwr1Yzx28vsecXEA==
  dependencies:
    whatwg-url "^5.0.0"

node-gyp-build@^4.2.0:
  version "4.2.3"
  resolved "https://registry.npm.taobao.org/node-gyp-build/download/node-gyp-build-4.2.3.tgz#ce6277f853835f718829efb47db20f3e4d9c4739"
  integrity sha1-zmJ3+FODX3GIKe+0fbIPPk2cRzk=

propagate@^2.0.0:
  version "2.0.1"
  resolved "https://registry.npmjs.org/propagate/-/propagate-2.0.1.tgz#40cdedab18085c792334e64f0ac17256d38f9a45"
  integrity sha512-vGrhOavPSTz4QVNuBNdcNXePNdNMaO1xj9yBeH1ScQPjk/rhg9sSlCXPhMkFuaNNW/syTvYqsnbIJxMBfRbbag==

recursive-fs@^1.1.2:
  version "1.1.2"
  resolved "https://registry.npm.taobao.org/recursive-fs/download/recursive-fs-1.1.2.tgz#1d752e2f1a65d25fb6964109a9dbf83a335f90f0"
  integrity sha1-HXUuLxpl0l+2lkEJqdv4OjNfkPA=

regenerator-runtime@^0.13.4:
  version "0.13.7"
  resolved "https://registry.nlark.com/regenerator-runtime/download/regenerator-runtime-0.13.7.tgz#cac2dacc8a1ea675feaabaeb8ae833898ae46f55"
  integrity sha1-ysLazIoepnX+qrrriugziYrkb1U=

rxjs@^7.4.0:
  version "7.4.0"
  resolved "https://registry.npmjs.org/rxjs/-/rxjs-7.4.0.tgz#a12a44d7eebf016f5ff2441b87f28c9a51cebc68"
  integrity sha512-7SQDi7xeTMCJpqViXh8gL/lebcwlp3d831F05+9B44A4B0WfsEwUQHR64gsH1kvJ+Ep/J9K2+n1hVl1CsGN23w==
  dependencies:
    tslib "~2.1.0"

safe-buffer@^5.0.1:
  version "5.2.1"
  resolved "https://registry.nlark.com/safe-buffer/download/safe-buffer-5.2.1.tgz#1eaf9fa9bdb1fdd4ec75f58f9cdb4e6b7827eec6"
  integrity sha1-Hq+fqb2x/dTsdfWPnNtOa3gn7sY=

tr46@~0.0.3:
  version "0.0.3"
  resolved "https://registry.npmjs.org/tr46/-/tr46-0.0.3.tgz#8184fd347dac9cdc185992f3a6622e14b9d9ab6a"
  integrity sha1-gYT9NH2snNwYWZLzpmIuFLnZq2o=

tslib@~2.1.0:
  version "2.1.0"
  resolved "https://registry.nlark.com/tslib/download/tslib-2.1.0.tgz?cache=0&other_urls=https%3A%2F%2Fregistry.nlark.com%2Ftslib%2Fdownload%2Ftslib-2.1.0.tgz#da60860f1c2ecaa5703ab7d39bc05b6bf988b97a"
  integrity sha1-2mCGDxwuyqVwOrfTm8Bba/mIuXo=

tweetnacl@1.x.x, tweetnacl@^1.0.3:
  version "1.0.3"
  resolved "https://registry.npm.taobao.org/tweetnacl/download/tweetnacl-1.0.3.tgz#ac0af71680458d8a6378d0d0d050ab1407d35596"
  integrity sha1-rAr3FoBFjYpjeNDQ0FCrFAfTVZY=

type@^1.0.1:
  version "1.2.0"
  resolved "https://registry.npm.taobao.org/type/download/type-1.2.0.tgz#848dd7698dafa3e54a6c479e759c4bc3f18847a0"
  integrity sha1-hI3XaY2vo+VKbEeedZxLw/GIR6A=

type@^2.0.0:
  version "2.5.0"
  resolved "https://registry.npm.taobao.org/type/download/type-2.5.0.tgz#0a2e78c2e77907b252abe5f298c1b01c63f0db3d"
  integrity sha1-Ci54wud5B7JSq+XymMGwHGPw2z0=

typedarray-to-buffer@^3.1.5:
  version "3.1.5"
  resolved "https://registry.npm.taobao.org/typedarray-to-buffer/download/typedarray-to-buffer-3.1.5.tgz#a97ee7a9ff42691b9f783ff1bc5112fe3fca9080"
  integrity sha1-qX7nqf9CaRufeD/xvFES/j/KkIA=
  dependencies:
    is-typedarray "^1.0.0"

utf-8-validate@^5.0.2:
  version "5.0.5"
  resolved "https://registry.nlark.com/utf-8-validate/download/utf-8-validate-5.0.5.tgz?cache=0&sync_timestamp=1620067993025&other_urls=https%3A%2F%2Fregistry.nlark.com%2Futf-8-validate%2Fdownload%2Futf-8-validate-5.0.5.tgz#dd32c2e82c72002dc9f02eb67ba6761f43456ca1"
  integrity sha1-3TLC6CxyAC3J8C62e6Z2H0NFbKE=
  dependencies:
    node-gyp-build "^4.2.0"

varint@^5.0.0:
  version "5.0.2"
  resolved "https://registry.npm.taobao.org/varint/download/varint-5.0.2.tgz#5b47f8a947eb668b848e034dcfa87d0ff8a7f7a4"
  integrity sha1-W0f4qUfrZouEjgNNz6h9D/in96Q=

webidl-conversions@^3.0.0:
  version "3.0.1"
  resolved "https://registry.npmjs.org/webidl-conversions/-/webidl-conversions-3.0.1.tgz#24534275e2a7bc6be7bc86611cc16ae0a5654871"
  integrity sha1-JFNCdeKnvGvnvIZhHMFq4KVlSHE=

websocket@^1.0.34:
  version "1.0.34"
  resolved "https://registry.npm.taobao.org/websocket/download/websocket-1.0.34.tgz#2bdc2602c08bf2c82253b730655c0ef7dcab3111"
  integrity sha1-K9wmAsCL8sgiU7cwZVwO99yrMRE=
  dependencies:
    bufferutil "^4.0.1"
    debug "^2.2.0"
    es5-ext "^0.10.50"
    typedarray-to-buffer "^3.1.5"
    utf-8-validate "^5.0.2"
    yaeti "^0.0.6"

whatwg-url@^5.0.0:
  version "5.0.0"
  resolved "https://registry.npmjs.org/whatwg-url/-/whatwg-url-5.0.0.tgz#966454e8765462e37644d3626f6742ce8b70965d"
  integrity sha1-lmRU6HZUYuN2RNNib2dCzotwll0=
  dependencies:
    tr46 "~0.0.3"
    webidl-conversions "^3.0.0"

yaeti@^0.0.6:
  version "0.0.6"
  resolved "https://registry.npm.taobao.org/yaeti/download/yaeti-0.0.6.tgz#f26f484d72684cf42bedfb76970aa1608fbf9577"
  integrity sha1-8m9ITXJoTPQr7ft2lwqhYI+/lXc=
